// !$*UTF8*$!
{
	archiveVersion = 1;
	classes = {
	};
	objectVersion = 51;
	objects = {

/* Begin PBXBuildFile section */
		C50EB8C32500959F007E06C4 /* MapKit.framework in Frameworks */ = {isa = PBXBuildFile; fileRef = C50EB8C22500959F007E06C4 /* MapKit.framework */; };
		C50EB8C72501DD5F007E06C4 /* ListWorkViewController.swift in Sources */ = {isa = PBXBuildFile; fileRef = C50EB8C52501DD5F007E06C4 /* ListWorkViewController.swift */; };
		C50EB8C82501DD5F007E06C4 /* ListWorkViewController.xib in Resources */ = {isa = PBXBuildFile; fileRef = C50EB8C62501DD5F007E06C4 /* ListWorkViewController.xib */; };
		C50EB8CC250220A5007E06C4 /* SettingViewController.swift in Sources */ = {isa = PBXBuildFile; fileRef = C50EB8CA250220A5007E06C4 /* SettingViewController.swift */; };
		C50EB8CD250220A5007E06C4 /* SettingViewController.xib in Resources */ = {isa = PBXBuildFile; fileRef = C50EB8CB250220A5007E06C4 /* SettingViewController.xib */; };
		C50EB8D1250225D3007E06C4 /* PermissionViewController.swift in Sources */ = {isa = PBXBuildFile; fileRef = C50EB8CF250225D3007E06C4 /* PermissionViewController.swift */; };
		C50EB8D2250225D3007E06C4 /* PermissionViewController.xib in Resources */ = {isa = PBXBuildFile; fileRef = C50EB8D0250225D3007E06C4 /* PermissionViewController.xib */; };
		C51BADCD24FE6B2300F91D75 /* WorkerTableViewCell.swift in Sources */ = {isa = PBXBuildFile; fileRef = C51BADCB24FE6B2300F91D75 /* WorkerTableViewCell.swift */; };
		C51BADCE24FE6B2300F91D75 /* WorkerTableViewCell.xib in Resources */ = {isa = PBXBuildFile; fileRef = C51BADCC24FE6B2300F91D75 /* WorkerTableViewCell.xib */; };
		C51BADD324FE6F7000F91D75 /* WorkerDetailViewController.xib in Resources */ = {isa = PBXBuildFile; fileRef = C51BADD124FE6F7000F91D75 /* WorkerDetailViewController.xib */; };
		C51BADD624FE6FC200F91D75 /* WorkerInfoTableViewCell.swift in Sources */ = {isa = PBXBuildFile; fileRef = C51BADD424FE6FC200F91D75 /* WorkerInfoTableViewCell.swift */; };
		C51BADD724FE6FC200F91D75 /* WorkerInfoTableViewCell.xib in Resources */ = {isa = PBXBuildFile; fileRef = C51BADD524FE6FC200F91D75 /* WorkerInfoTableViewCell.xib */; };
		C51BADDA24FE6FF500F91D75 /* CommentTableViewCell.swift in Sources */ = {isa = PBXBuildFile; fileRef = C51BADD824FE6FF500F91D75 /* CommentTableViewCell.swift */; };
		C51BADDB24FE6FF500F91D75 /* CommentTableViewCell.xib in Resources */ = {isa = PBXBuildFile; fileRef = C51BADD924FE6FF500F91D75 /* CommentTableViewCell.xib */; };
		C525C4C32508C99F00563AE1 /* Date+Extension.swift in Sources */ = {isa = PBXBuildFile; fileRef = C525C4C22508C99F00563AE1 /* Date+Extension.swift */; };
		C52CE3D524EE1F1A00A3C7F9 /* AppDelegate.swift in Sources */ = {isa = PBXBuildFile; fileRef = C52CE3D424EE1F1A00A3C7F9 /* AppDelegate.swift */; };
		C52CE3DC24EE1F1A00A3C7F9 /* Main.storyboard in Resources */ = {isa = PBXBuildFile; fileRef = C52CE3DA24EE1F1A00A3C7F9 /* Main.storyboard */; };
		C52CE3DE24EE1F1E00A3C7F9 /* Assets.xcassets in Resources */ = {isa = PBXBuildFile; fileRef = C52CE3DD24EE1F1E00A3C7F9 /* Assets.xcassets */; };
		C52CE3E124EE1F1E00A3C7F9 /* LaunchScreen.storyboard in Resources */ = {isa = PBXBuildFile; fileRef = C52CE3DF24EE1F1E00A3C7F9 /* LaunchScreen.storyboard */; };
		C5325239250885AD00698B64 /* DateTimePickerView.swift in Sources */ = {isa = PBXBuildFile; fileRef = C5325238250885AD00698B64 /* DateTimePickerView.swift */; };
		C532523B250885B700698B64 /* DateTimePickerView.xib in Resources */ = {isa = PBXBuildFile; fileRef = C532523A250885B700698B64 /* DateTimePickerView.xib */; };
		C536F9FB24F89ADA0075CCBE /* UIViewController+Extension.swift in Sources */ = {isa = PBXBuildFile; fileRef = C536F9FA24F89ADA0075CCBE /* UIViewController+Extension.swift */; };
		C536FA0324F8A5770075CCBE /* ConfirmOrderViewController.swift in Sources */ = {isa = PBXBuildFile; fileRef = C536FA0124F8A5770075CCBE /* ConfirmOrderViewController.swift */; };
		C536FA0424F8A5770075CCBE /* ConfirmOrderViewController.xib in Resources */ = {isa = PBXBuildFile; fileRef = C536FA0224F8A5770075CCBE /* ConfirmOrderViewController.xib */; };
		C536FA0724F8A73D0075CCBE /* WorkItemTableViewCell.swift in Sources */ = {isa = PBXBuildFile; fileRef = C536FA0524F8A73D0075CCBE /* WorkItemTableViewCell.swift */; };
		C536FA0824F8A73D0075CCBE /* WorkItemTableViewCell.xib in Resources */ = {isa = PBXBuildFile; fileRef = C536FA0624F8A73D0075CCBE /* WorkItemTableViewCell.xib */; };
		C536FA0C24F8B4160075CCBE /* UserInfoViewController.swift in Sources */ = {isa = PBXBuildFile; fileRef = C536FA0A24F8B4160075CCBE /* UserInfoViewController.swift */; };
		C536FA0D24F8B4160075CCBE /* UserInfoViewController.xib in Resources */ = {isa = PBXBuildFile; fileRef = C536FA0B24F8B4160075CCBE /* UserInfoViewController.xib */; };
		C536FA1024F8B9530075CCBE /* PaymenMethodView.swift in Sources */ = {isa = PBXBuildFile; fileRef = C536FA0F24F8B9530075CCBE /* PaymenMethodView.swift */; };
		C536FA1224F8B95E0075CCBE /* PaymenMethodView.xib in Resources */ = {isa = PBXBuildFile; fileRef = C536FA1124F8B95E0075CCBE /* PaymenMethodView.xib */; };
		C536FA1624F8DDD70075CCBE /* ListOrderViewController.swift in Sources */ = {isa = PBXBuildFile; fileRef = C536FA1424F8DDD70075CCBE /* ListOrderViewController.swift */; };
		C536FA1724F8DDD70075CCBE /* ListOrderViewController.xib in Resources */ = {isa = PBXBuildFile; fileRef = C536FA1524F8DDD70075CCBE /* ListOrderViewController.xib */; };
		C536FA1A24F8DE040075CCBE /* FilterOrderView.swift in Sources */ = {isa = PBXBuildFile; fileRef = C536FA1924F8DE040075CCBE /* FilterOrderView.swift */; };
		C536FA1C24F8DE0D0075CCBE /* FilterOrderView.xib in Resources */ = {isa = PBXBuildFile; fileRef = C536FA1B24F8DE0D0075CCBE /* FilterOrderView.xib */; };
		C536FA2024F8E00C0075CCBE /* OrderItemTableViewCell.swift in Sources */ = {isa = PBXBuildFile; fileRef = C536FA1E24F8E00C0075CCBE /* OrderItemTableViewCell.swift */; };
		C536FA2124F8E00C0075CCBE /* OrderItemTableViewCell.xib in Resources */ = {isa = PBXBuildFile; fileRef = C536FA1F24F8E00C0075CCBE /* OrderItemTableViewCell.xib */; };
		C536FA2524F8E97D0075CCBE /* RatingWorkerViewController.swift in Sources */ = {isa = PBXBuildFile; fileRef = C536FA2324F8E97D0075CCBE /* RatingWorkerViewController.swift */; };
		C536FA2624F8E97D0075CCBE /* RatingWorkerViewController.xib in Resources */ = {isa = PBXBuildFile; fileRef = C536FA2424F8E97D0075CCBE /* RatingWorkerViewController.xib */; };
		C53D24E924FE4819004739B4 /* ServiceDetailViewController.xib in Resources */ = {isa = PBXBuildFile; fileRef = C53D24E824FE4819004739B4 /* ServiceDetailViewController.xib */; };
		C53D24ED24FE48F6004739B4 /* UpdatePasswordViewController.xib in Resources */ = {isa = PBXBuildFile; fileRef = C53D24EC24FE48F6004739B4 /* UpdatePasswordViewController.xib */; };
		C53D24F024FE4FD0004739B4 /* WorkInfoViewController.xib in Resources */ = {isa = PBXBuildFile; fileRef = C53D24EF24FE4FD0004739B4 /* WorkInfoViewController.xib */; };
		C53D24F324FE51B7004739B4 /* AddressTableViewCell.swift in Sources */ = {isa = PBXBuildFile; fileRef = C53D24F124FE51B7004739B4 /* AddressTableViewCell.swift */; };
		C53D24F424FE51B7004739B4 /* AddressTableViewCell.xib in Resources */ = {isa = PBXBuildFile; fileRef = C53D24F224FE51B7004739B4 /* AddressTableViewCell.xib */; };
		C5434C00250A1B3F00716EC6 /* OrderModel.swift in Sources */ = {isa = PBXBuildFile; fileRef = C5434BFF250A1B3F00716EC6 /* OrderModel.swift */; };
		C5434C03250B756800716EC6 /* SearchLocationView.swift in Sources */ = {isa = PBXBuildFile; fileRef = C5434C02250B756800716EC6 /* SearchLocationView.swift */; };
		C5434C05250B757300716EC6 /* SearchLocationView.xib in Resources */ = {isa = PBXBuildFile; fileRef = C5434C04250B757300716EC6 /* SearchLocationView.xib */; };
		C549C801250F596000D01CDC /* Helper.swift in Sources */ = {isa = PBXBuildFile; fileRef = C549C800250F596000D01CDC /* Helper.swift */; };
		C56182BC24FE030200E5B205 /* UpdatePasswordViewController.swift in Sources */ = {isa = PBXBuildFile; fileRef = C56182BB24FE030200E5B205 /* UpdatePasswordViewController.swift */; };
		C56182C124FE2EF200E5B205 /* LoginViewController.xib in Resources */ = {isa = PBXBuildFile; fileRef = C56182C024FE2EF200E5B205 /* LoginViewController.xib */; };
		C56182C424FE44B900E5B205 /* RegisterViewController.xib in Resources */ = {isa = PBXBuildFile; fileRef = C56182C324FE44B900E5B205 /* RegisterViewController.xib */; };
		C56182C724FE45B700E5B205 /* ForgetPasswordViewController.xib in Resources */ = {isa = PBXBuildFile; fileRef = C56182C624FE45B700E5B205 /* ForgetPasswordViewController.xib */; };
		C56182CA24FE464C00E5B205 /* HomeViewController.xib in Resources */ = {isa = PBXBuildFile; fileRef = C56182C924FE464C00E5B205 /* HomeViewController.xib */; };
		C56182CE24FE46F400E5B205 /* ServiceTableViewCell.xib in Resources */ = {isa = PBXBuildFile; fileRef = C56182CC24FE46F400E5B205 /* ServiceTableViewCell.xib */; };
		C5693FCC24EF7E8200D37F5A /* ForgetPasswordViewController.swift in Sources */ = {isa = PBXBuildFile; fileRef = C5693FCB24EF7E8200D37F5A /* ForgetPasswordViewController.swift */; };
		C5693FD024EFB6FA00D37F5A /* HomeViewController.swift in Sources */ = {isa = PBXBuildFile; fileRef = C5693FCF24EFB6FA00D37F5A /* HomeViewController.swift */; };
		C5693FD324EFB98800D37F5A /* UIColor+Extension.swift in Sources */ = {isa = PBXBuildFile; fileRef = C5693FD224EFB98800D37F5A /* UIColor+Extension.swift */; };
		C5693FD624EFC7CD00D37F5A /* Service.swift in Sources */ = {isa = PBXBuildFile; fileRef = C5693FD524EFC7CD00D37F5A /* Service.swift */; };
		C5693FD824EFC93E00D37F5A /* ServiceTableViewCell.swift in Sources */ = {isa = PBXBuildFile; fileRef = C5693FD724EFC93E00D37F5A /* ServiceTableViewCell.swift */; };
		C5693FDA24EFCFCA00D37F5A /* UIBarButtonItem+Badge.swift.swift in Sources */ = {isa = PBXBuildFile; fileRef = C5693FD924EFCFCA00D37F5A /* UIBarButtonItem+Badge.swift.swift */; };
		C5C830F424F39B70000E542A /* MainMenuView.swift in Sources */ = {isa = PBXBuildFile; fileRef = C5C830F324F39B70000E542A /* MainMenuView.swift */; };
		C5C830F624F39B80000E542A /* MainMenuView.xib in Resources */ = {isa = PBXBuildFile; fileRef = C5C830F524F39B80000E542A /* MainMenuView.xib */; };
		C5C830F924F3CF2C000E542A /* ServiceSectionView.swift in Sources */ = {isa = PBXBuildFile; fileRef = C5C830F824F3CF2C000E542A /* ServiceSectionView.swift */; };
		C5C830FB24F3CF34000E542A /* ServiceSectionView.xib in Resources */ = {isa = PBXBuildFile; fileRef = C5C830FA24F3CF34000E542A /* ServiceSectionView.xib */; };
		C5C830FD24F4C769000E542A /* ServiceDetailViewController.swift in Sources */ = {isa = PBXBuildFile; fileRef = C5C830FC24F4C769000E542A /* ServiceDetailViewController.swift */; };
		C5C830FF24F4EA3B000E542A /* content.html in Resources */ = {isa = PBXBuildFile; fileRef = C5C830FE24F4EA3B000E542A /* content.html */; };
		C5C8310124F4EC70000E542A /* WebKit.framework in Frameworks */ = {isa = PBXBuildFile; fileRef = C5C8310024F4EC70000E542A /* WebKit.framework */; };
		C5C8310324F51880000E542A /* ListWorkerViewController.swift in Sources */ = {isa = PBXBuildFile; fileRef = C5C8310224F51880000E542A /* ListWorkerViewController.swift */; };
		C5C8310824F615B5000E542A /* FilterWorkerView.swift in Sources */ = {isa = PBXBuildFile; fileRef = C5C8310724F615B5000E542A /* FilterWorkerView.swift */; };
		C5C8310A24F615C3000E542A /* FilterWorkerView.xib in Resources */ = {isa = PBXBuildFile; fileRef = C5C8310924F615C3000E542A /* FilterWorkerView.xib */; };
		C5C8310C24F61AAC000E542A /* UISegmentedControl+Extension.swift in Sources */ = {isa = PBXBuildFile; fileRef = C5C8310B24F61AAC000E542A /* UISegmentedControl+Extension.swift */; };
		C5C8311224F65F16000E542A /* WorkerDetailViewController.swift in Sources */ = {isa = PBXBuildFile; fileRef = C5C8311124F65F16000E542A /* WorkerDetailViewController.swift */; };
		C5C8311424F75600000E542A /* WorkInfoViewController.swift in Sources */ = {isa = PBXBuildFile; fileRef = C5C8311324F75600000E542A /* WorkInfoViewController.swift */; };
		C5C8311824F76A65000E542A /* UIview+Extension.swift in Sources */ = {isa = PBXBuildFile; fileRef = C5C8311724F76A65000E542A /* UIview+Extension.swift */; };
		C5C8311A24F790A1000E542A /* MapViewController.swift in Sources */ = {isa = PBXBuildFile; fileRef = C5C8311924F790A1000E542A /* MapViewController.swift */; };
		C5C8311C24F79BAC000E542A /* UIStackView+Extension.swift in Sources */ = {isa = PBXBuildFile; fileRef = C5C8311B24F79BAC000E542A /* UIStackView+Extension.swift */; };
		C5E475FF24FCD78900062A4D /* TermsAndPolicyView.swift in Sources */ = {isa = PBXBuildFile; fileRef = C5E475FE24FCD78900062A4D /* TermsAndPolicyView.swift */; };
		C5E4760124FCD79400062A4D /* TermsAndPolicyView.xib in Resources */ = {isa = PBXBuildFile; fileRef = C5E4760024FCD79400062A4D /* TermsAndPolicyView.xib */; };
		C5E4760324FCD99600062A4D /* NSMutableAttributedString+Extension.swift in Sources */ = {isa = PBXBuildFile; fileRef = C5E4760224FCD99600062A4D /* NSMutableAttributedString+Extension.swift */; };
		C5E4760524FCD9BA00062A4D /* BaseView.swift in Sources */ = {isa = PBXBuildFile; fileRef = C5E4760424FCD9BA00062A4D /* BaseView.swift */; };
		C5F5327924EE5EF100B1BF78 /* BaseViewController.swift in Sources */ = {isa = PBXBuildFile; fileRef = C5F5327824EE5EF100B1BF78 /* BaseViewController.swift */; };
		C5F5327B24EE727E00B1BF78 /* LaunchScreenViewController.swift in Sources */ = {isa = PBXBuildFile; fileRef = C5F5327A24EE727E00B1BF78 /* LaunchScreenViewController.swift */; };
		C5F5327D24EE7D2E00B1BF78 /* LoginViewController.swift in Sources */ = {isa = PBXBuildFile; fileRef = C5F5327C24EE7D2E00B1BF78 /* LoginViewController.swift */; };
		C5F5327F24EE7E0C00B1BF78 /* Constants.swift in Sources */ = {isa = PBXBuildFile; fileRef = C5F5327E24EE7E0C00B1BF78 /* Constants.swift */; };
		C5FA0A7524FE61890052352C /* MapViewController.xib in Resources */ = {isa = PBXBuildFile; fileRef = C5FA0A7324FE61890052352C /* MapViewController.xib */; };
		C5FA0A7A24FE62900052352C /* ListWorkerViewController.xib in Resources */ = {isa = PBXBuildFile; fileRef = C5FA0A7824FE62900052352C /* ListWorkerViewController.xib */; };
		C5FACEC224EF74950023A282 /* RegisterViewController.swift in Sources */ = {isa = PBXBuildFile; fileRef = C5FACEC124EF74950023A282 /* RegisterViewController.swift */; };
		F572C9F79BF03D2A0188518F /* Pods_FindWorker.framework in Frameworks */ = {isa = PBXBuildFile; fileRef = 46E33E13FA0540ACFFB8B8F2 /* Pods_FindWorker.framework */; };
/* End PBXBuildFile section */

/* Begin PBXFileReference section */
		46E33E13FA0540ACFFB8B8F2 /* Pods_FindWorker.framework */ = {isa = PBXFileReference; explicitFileType = wrapper.framework; includeInIndex = 0; path = Pods_FindWorker.framework; sourceTree = BUILT_PRODUCTS_DIR; };
		5105A8C67C9E554539BFE608 /* Pods-FindWorker.debug.xcconfig */ = {isa = PBXFileReference; includeInIndex = 1; lastKnownFileType = text.xcconfig; name = "Pods-FindWorker.debug.xcconfig"; path = "Target Support Files/Pods-FindWorker/Pods-FindWorker.debug.xcconfig"; sourceTree = "<group>"; };
		C50EB8C22500959F007E06C4 /* MapKit.framework */ = {isa = PBXFileReference; lastKnownFileType = wrapper.framework; name = MapKit.framework; path = System/Library/Frameworks/MapKit.framework; sourceTree = SDKROOT; };
		C50EB8C52501DD5F007E06C4 /* ListWorkViewController.swift */ = {isa = PBXFileReference; lastKnownFileType = sourcecode.swift; path = ListWorkViewController.swift; sourceTree = "<group>"; };
		C50EB8C62501DD5F007E06C4 /* ListWorkViewController.xib */ = {isa = PBXFileReference; lastKnownFileType = file.xib; path = ListWorkViewController.xib; sourceTree = "<group>"; };
		C50EB8CA250220A5007E06C4 /* SettingViewController.swift */ = {isa = PBXFileReference; lastKnownFileType = sourcecode.swift; path = SettingViewController.swift; sourceTree = "<group>"; };
		C50EB8CB250220A5007E06C4 /* SettingViewController.xib */ = {isa = PBXFileReference; lastKnownFileType = file.xib; path = SettingViewController.xib; sourceTree = "<group>"; };
		C50EB8CF250225D3007E06C4 /* PermissionViewController.swift */ = {isa = PBXFileReference; lastKnownFileType = sourcecode.swift; path = PermissionViewController.swift; sourceTree = "<group>"; };
		C50EB8D0250225D3007E06C4 /* PermissionViewController.xib */ = {isa = PBXFileReference; lastKnownFileType = file.xib; path = PermissionViewController.xib; sourceTree = "<group>"; };
		C51BADCB24FE6B2300F91D75 /* WorkerTableViewCell.swift */ = {isa = PBXFileReference; lastKnownFileType = sourcecode.swift; path = WorkerTableViewCell.swift; sourceTree = "<group>"; };
		C51BADCC24FE6B2300F91D75 /* WorkerTableViewCell.xib */ = {isa = PBXFileReference; lastKnownFileType = file.xib; path = WorkerTableViewCell.xib; sourceTree = "<group>"; };
		C51BADD124FE6F7000F91D75 /* WorkerDetailViewController.xib */ = {isa = PBXFileReference; lastKnownFileType = file.xib; path = WorkerDetailViewController.xib; sourceTree = "<group>"; };
		C51BADD424FE6FC200F91D75 /* WorkerInfoTableViewCell.swift */ = {isa = PBXFileReference; lastKnownFileType = sourcecode.swift; path = WorkerInfoTableViewCell.swift; sourceTree = "<group>"; };
		C51BADD524FE6FC200F91D75 /* WorkerInfoTableViewCell.xib */ = {isa = PBXFileReference; lastKnownFileType = file.xib; path = WorkerInfoTableViewCell.xib; sourceTree = "<group>"; };
		C51BADD824FE6FF500F91D75 /* CommentTableViewCell.swift */ = {isa = PBXFileReference; lastKnownFileType = sourcecode.swift; path = CommentTableViewCell.swift; sourceTree = "<group>"; };
		C51BADD924FE6FF500F91D75 /* CommentTableViewCell.xib */ = {isa = PBXFileReference; lastKnownFileType = file.xib; path = CommentTableViewCell.xib; sourceTree = "<group>"; };
		C525C4C22508C99F00563AE1 /* Date+Extension.swift */ = {isa = PBXFileReference; lastKnownFileType = sourcecode.swift; path = "Date+Extension.swift"; sourceTree = "<group>"; };
		C52CE3D124EE1F1A00A3C7F9 /* FindWorker.app */ = {isa = PBXFileReference; explicitFileType = wrapper.application; includeInIndex = 0; path = FindWorker.app; sourceTree = BUILT_PRODUCTS_DIR; };
		C52CE3D424EE1F1A00A3C7F9 /* AppDelegate.swift */ = {isa = PBXFileReference; lastKnownFileType = sourcecode.swift; path = AppDelegate.swift; sourceTree = "<group>"; };
		C52CE3DB24EE1F1A00A3C7F9 /* Base */ = {isa = PBXFileReference; lastKnownFileType = file.storyboard; name = Base; path = Base.lproj/Main.storyboard; sourceTree = "<group>"; };
		C52CE3DD24EE1F1E00A3C7F9 /* Assets.xcassets */ = {isa = PBXFileReference; lastKnownFileType = folder.assetcatalog; path = Assets.xcassets; sourceTree = "<group>"; };
		C52CE3E024EE1F1E00A3C7F9 /* Base */ = {isa = PBXFileReference; lastKnownFileType = file.storyboard; name = Base; path = Base.lproj/LaunchScreen.storyboard; sourceTree = "<group>"; };
		C52CE3E224EE1F1E00A3C7F9 /* Info.plist */ = {isa = PBXFileReference; lastKnownFileType = text.plist.xml; path = Info.plist; sourceTree = "<group>"; };
		C5325238250885AD00698B64 /* DateTimePickerView.swift */ = {isa = PBXFileReference; lastKnownFileType = sourcecode.swift; path = DateTimePickerView.swift; sourceTree = "<group>"; };
		C532523A250885B700698B64 /* DateTimePickerView.xib */ = {isa = PBXFileReference; lastKnownFileType = file.xib; path = DateTimePickerView.xib; sourceTree = "<group>"; };
		C536F9FA24F89ADA0075CCBE /* UIViewController+Extension.swift */ = {isa = PBXFileReference; lastKnownFileType = sourcecode.swift; path = "UIViewController+Extension.swift"; sourceTree = "<group>"; };
		C536FA0124F8A5770075CCBE /* ConfirmOrderViewController.swift */ = {isa = PBXFileReference; lastKnownFileType = sourcecode.swift; path = ConfirmOrderViewController.swift; sourceTree = "<group>"; };
		C536FA0224F8A5770075CCBE /* ConfirmOrderViewController.xib */ = {isa = PBXFileReference; lastKnownFileType = file.xib; path = ConfirmOrderViewController.xib; sourceTree = "<group>"; };
		C536FA0524F8A73D0075CCBE /* WorkItemTableViewCell.swift */ = {isa = PBXFileReference; lastKnownFileType = sourcecode.swift; path = WorkItemTableViewCell.swift; sourceTree = "<group>"; };
		C536FA0624F8A73D0075CCBE /* WorkItemTableViewCell.xib */ = {isa = PBXFileReference; lastKnownFileType = file.xib; path = WorkItemTableViewCell.xib; sourceTree = "<group>"; };
		C536FA0A24F8B4160075CCBE /* UserInfoViewController.swift */ = {isa = PBXFileReference; lastKnownFileType = sourcecode.swift; path = UserInfoViewController.swift; sourceTree = "<group>"; };
		C536FA0B24F8B4160075CCBE /* UserInfoViewController.xib */ = {isa = PBXFileReference; lastKnownFileType = file.xib; path = UserInfoViewController.xib; sourceTree = "<group>"; };
		C536FA0F24F8B9530075CCBE /* PaymenMethodView.swift */ = {isa = PBXFileReference; lastKnownFileType = sourcecode.swift; path = PaymenMethodView.swift; sourceTree = "<group>"; };
		C536FA1124F8B95E0075CCBE /* PaymenMethodView.xib */ = {isa = PBXFileReference; lastKnownFileType = file.xib; path = PaymenMethodView.xib; sourceTree = "<group>"; };
		C536FA1424F8DDD70075CCBE /* ListOrderViewController.swift */ = {isa = PBXFileReference; lastKnownFileType = sourcecode.swift; path = ListOrderViewController.swift; sourceTree = "<group>"; };
		C536FA1524F8DDD70075CCBE /* ListOrderViewController.xib */ = {isa = PBXFileReference; lastKnownFileType = file.xib; path = ListOrderViewController.xib; sourceTree = "<group>"; };
		C536FA1924F8DE040075CCBE /* FilterOrderView.swift */ = {isa = PBXFileReference; lastKnownFileType = sourcecode.swift; path = FilterOrderView.swift; sourceTree = "<group>"; };
		C536FA1B24F8DE0D0075CCBE /* FilterOrderView.xib */ = {isa = PBXFileReference; lastKnownFileType = file.xib; path = FilterOrderView.xib; sourceTree = "<group>"; };
		C536FA1E24F8E00C0075CCBE /* OrderItemTableViewCell.swift */ = {isa = PBXFileReference; lastKnownFileType = sourcecode.swift; path = OrderItemTableViewCell.swift; sourceTree = "<group>"; };
		C536FA1F24F8E00C0075CCBE /* OrderItemTableViewCell.xib */ = {isa = PBXFileReference; lastKnownFileType = file.xib; path = OrderItemTableViewCell.xib; sourceTree = "<group>"; };
		C536FA2324F8E97D0075CCBE /* RatingWorkerViewController.swift */ = {isa = PBXFileReference; lastKnownFileType = sourcecode.swift; path = RatingWorkerViewController.swift; sourceTree = "<group>"; };
		C536FA2424F8E97D0075CCBE /* RatingWorkerViewController.xib */ = {isa = PBXFileReference; lastKnownFileType = file.xib; path = RatingWorkerViewController.xib; sourceTree = "<group>"; };
		C53D24E824FE4819004739B4 /* ServiceDetailViewController.xib */ = {isa = PBXFileReference; lastKnownFileType = file.xib; path = ServiceDetailViewController.xib; sourceTree = "<group>"; };
		C53D24EC24FE48F6004739B4 /* UpdatePasswordViewController.xib */ = {isa = PBXFileReference; lastKnownFileType = file.xib; path = UpdatePasswordViewController.xib; sourceTree = "<group>"; };
		C53D24EF24FE4FD0004739B4 /* WorkInfoViewController.xib */ = {isa = PBXFileReference; lastKnownFileType = file.xib; path = WorkInfoViewController.xib; sourceTree = "<group>"; };
		C53D24F124FE51B7004739B4 /* AddressTableViewCell.swift */ = {isa = PBXFileReference; lastKnownFileType = sourcecode.swift; path = AddressTableViewCell.swift; sourceTree = "<group>"; };
		C53D24F224FE51B7004739B4 /* AddressTableViewCell.xib */ = {isa = PBXFileReference; lastKnownFileType = file.xib; path = AddressTableViewCell.xib; sourceTree = "<group>"; };
		C5434BFF250A1B3F00716EC6 /* OrderModel.swift */ = {isa = PBXFileReference; lastKnownFileType = sourcecode.swift; path = OrderModel.swift; sourceTree = "<group>"; };
		C5434C02250B756800716EC6 /* SearchLocationView.swift */ = {isa = PBXFileReference; lastKnownFileType = sourcecode.swift; path = SearchLocationView.swift; sourceTree = "<group>"; };
		C5434C04250B757300716EC6 /* SearchLocationView.xib */ = {isa = PBXFileReference; lastKnownFileType = file.xib; path = SearchLocationView.xib; sourceTree = "<group>"; };
		C549C800250F596000D01CDC /* Helper.swift */ = {isa = PBXFileReference; lastKnownFileType = sourcecode.swift; path = Helper.swift; sourceTree = "<group>"; };
		C56182BB24FE030200E5B205 /* UpdatePasswordViewController.swift */ = {isa = PBXFileReference; fileEncoding = 4; lastKnownFileType = sourcecode.swift; name = UpdatePasswordViewController.swift; path = FindWorker/ViewControllers/UpdatePasswordViewController/UpdatePasswordViewController.swift; sourceTree = SOURCE_ROOT; };
		C56182C024FE2EF200E5B205 /* LoginViewController.xib */ = {isa = PBXFileReference; lastKnownFileType = file.xib; path = LoginViewController.xib; sourceTree = "<group>"; };
		C56182C324FE44B900E5B205 /* RegisterViewController.xib */ = {isa = PBXFileReference; lastKnownFileType = file.xib; path = RegisterViewController.xib; sourceTree = "<group>"; };
		C56182C624FE45B700E5B205 /* ForgetPasswordViewController.xib */ = {isa = PBXFileReference; lastKnownFileType = file.xib; path = ForgetPasswordViewController.xib; sourceTree = "<group>"; };
		C56182C924FE464C00E5B205 /* HomeViewController.xib */ = {isa = PBXFileReference; lastKnownFileType = file.xib; path = HomeViewController.xib; sourceTree = "<group>"; };
		C56182CC24FE46F400E5B205 /* ServiceTableViewCell.xib */ = {isa = PBXFileReference; lastKnownFileType = file.xib; path = ServiceTableViewCell.xib; sourceTree = "<group>"; };
		C5693FCB24EF7E8200D37F5A /* ForgetPasswordViewController.swift */ = {isa = PBXFileReference; lastKnownFileType = sourcecode.swift; path = ForgetPasswordViewController.swift; sourceTree = "<group>"; };
		C5693FCF24EFB6FA00D37F5A /* HomeViewController.swift */ = {isa = PBXFileReference; lastKnownFileType = sourcecode.swift; path = HomeViewController.swift; sourceTree = "<group>"; };
		C5693FD224EFB98800D37F5A /* UIColor+Extension.swift */ = {isa = PBXFileReference; lastKnownFileType = sourcecode.swift; path = "UIColor+Extension.swift"; sourceTree = "<group>"; };
		C5693FD524EFC7CD00D37F5A /* Service.swift */ = {isa = PBXFileReference; lastKnownFileType = sourcecode.swift; path = Service.swift; sourceTree = "<group>"; };
		C5693FD724EFC93E00D37F5A /* ServiceTableViewCell.swift */ = {isa = PBXFileReference; lastKnownFileType = sourcecode.swift; name = ServiceTableViewCell.swift; path = ../ServiceTableViewCell.swift; sourceTree = "<group>"; };
		C5693FD924EFCFCA00D37F5A /* UIBarButtonItem+Badge.swift.swift */ = {isa = PBXFileReference; lastKnownFileType = sourcecode.swift; path = "UIBarButtonItem+Badge.swift.swift"; sourceTree = "<group>"; };
		C5C830F324F39B70000E542A /* MainMenuView.swift */ = {isa = PBXFileReference; lastKnownFileType = sourcecode.swift; path = MainMenuView.swift; sourceTree = "<group>"; };
		C5C830F524F39B80000E542A /* MainMenuView.xib */ = {isa = PBXFileReference; lastKnownFileType = file.xib; path = MainMenuView.xib; sourceTree = "<group>"; };
		C5C830F824F3CF2C000E542A /* ServiceSectionView.swift */ = {isa = PBXFileReference; lastKnownFileType = sourcecode.swift; path = ServiceSectionView.swift; sourceTree = "<group>"; };
		C5C830FA24F3CF34000E542A /* ServiceSectionView.xib */ = {isa = PBXFileReference; lastKnownFileType = file.xib; path = ServiceSectionView.xib; sourceTree = "<group>"; };
		C5C830FC24F4C769000E542A /* ServiceDetailViewController.swift */ = {isa = PBXFileReference; lastKnownFileType = sourcecode.swift; path = ServiceDetailViewController.swift; sourceTree = "<group>"; };
		C5C830FE24F4EA3B000E542A /* content.html */ = {isa = PBXFileReference; fileEncoding = 4; lastKnownFileType = text.html; path = content.html; sourceTree = "<group>"; };
		C5C8310024F4EC70000E542A /* WebKit.framework */ = {isa = PBXFileReference; lastKnownFileType = wrapper.framework; name = WebKit.framework; path = System/Library/Frameworks/WebKit.framework; sourceTree = SDKROOT; };
		C5C8310224F51880000E542A /* ListWorkerViewController.swift */ = {isa = PBXFileReference; lastKnownFileType = sourcecode.swift; name = ListWorkerViewController.swift; path = FindWorker/ViewControllers/ListWorkerViewController.swift; sourceTree = SOURCE_ROOT; };
		C5C8310724F615B5000E542A /* FilterWorkerView.swift */ = {isa = PBXFileReference; lastKnownFileType = sourcecode.swift; path = FilterWorkerView.swift; sourceTree = "<group>"; };
		C5C8310924F615C3000E542A /* FilterWorkerView.xib */ = {isa = PBXFileReference; lastKnownFileType = file.xib; path = FilterWorkerView.xib; sourceTree = "<group>"; };
		C5C8310B24F61AAC000E542A /* UISegmentedControl+Extension.swift */ = {isa = PBXFileReference; lastKnownFileType = sourcecode.swift; path = "UISegmentedControl+Extension.swift"; sourceTree = "<group>"; };
		C5C8311124F65F16000E542A /* WorkerDetailViewController.swift */ = {isa = PBXFileReference; lastKnownFileType = sourcecode.swift; path = WorkerDetailViewController.swift; sourceTree = "<group>"; };
		C5C8311324F75600000E542A /* WorkInfoViewController.swift */ = {isa = PBXFileReference; lastKnownFileType = sourcecode.swift; path = WorkInfoViewController.swift; sourceTree = "<group>"; };
		C5C8311724F76A65000E542A /* UIview+Extension.swift */ = {isa = PBXFileReference; lastKnownFileType = sourcecode.swift; path = "UIview+Extension.swift"; sourceTree = "<group>"; };
		C5C8311924F790A1000E542A /* MapViewController.swift */ = {isa = PBXFileReference; lastKnownFileType = sourcecode.swift; name = MapViewController.swift; path = FindWorker/ViewControllers/MapViewController.swift; sourceTree = SOURCE_ROOT; };
		C5C8311B24F79BAC000E542A /* UIStackView+Extension.swift */ = {isa = PBXFileReference; lastKnownFileType = sourcecode.swift; path = "UIStackView+Extension.swift"; sourceTree = "<group>"; };
		C5E475FE24FCD78900062A4D /* TermsAndPolicyView.swift */ = {isa = PBXFileReference; lastKnownFileType = sourcecode.swift; path = TermsAndPolicyView.swift; sourceTree = "<group>"; };
		C5E4760024FCD79400062A4D /* TermsAndPolicyView.xib */ = {isa = PBXFileReference; lastKnownFileType = file.xib; path = TermsAndPolicyView.xib; sourceTree = "<group>"; };
		C5E4760224FCD99600062A4D /* NSMutableAttributedString+Extension.swift */ = {isa = PBXFileReference; lastKnownFileType = sourcecode.swift; path = "NSMutableAttributedString+Extension.swift"; sourceTree = "<group>"; };
		C5E4760424FCD9BA00062A4D /* BaseView.swift */ = {isa = PBXFileReference; lastKnownFileType = sourcecode.swift; path = BaseView.swift; sourceTree = "<group>"; };
		C5F5327824EE5EF100B1BF78 /* BaseViewController.swift */ = {isa = PBXFileReference; lastKnownFileType = sourcecode.swift; path = BaseViewController.swift; sourceTree = "<group>"; };
		C5F5327A24EE727E00B1BF78 /* LaunchScreenViewController.swift */ = {isa = PBXFileReference; lastKnownFileType = sourcecode.swift; path = LaunchScreenViewController.swift; sourceTree = "<group>"; };
		C5F5327C24EE7D2E00B1BF78 /* LoginViewController.swift */ = {isa = PBXFileReference; lastKnownFileType = sourcecode.swift; path = LoginViewController.swift; sourceTree = "<group>"; };
		C5F5327E24EE7E0C00B1BF78 /* Constants.swift */ = {isa = PBXFileReference; lastKnownFileType = sourcecode.swift; path = Constants.swift; sourceTree = "<group>"; };
		C5FA0A7324FE61890052352C /* MapViewController.xib */ = {isa = PBXFileReference; lastKnownFileType = file.xib; path = MapViewController.xib; sourceTree = "<group>"; };
		C5FA0A7824FE62900052352C /* ListWorkerViewController.xib */ = {isa = PBXFileReference; lastKnownFileType = file.xib; path = ListWorkerViewController.xib; sourceTree = "<group>"; };
		C5FACEC124EF74950023A282 /* RegisterViewController.swift */ = {isa = PBXFileReference; lastKnownFileType = sourcecode.swift; path = RegisterViewController.swift; sourceTree = "<group>"; };
		FBD55000D5EBC55C209FB41E /* Pods-FindWorker.release.xcconfig */ = {isa = PBXFileReference; includeInIndex = 1; lastKnownFileType = text.xcconfig; name = "Pods-FindWorker.release.xcconfig"; path = "Target Support Files/Pods-FindWorker/Pods-FindWorker.release.xcconfig"; sourceTree = "<group>"; };
/* End PBXFileReference section */

/* Begin PBXFrameworksBuildPhase section */
		C52CE3CE24EE1F1A00A3C7F9 /* Frameworks */ = {
			isa = PBXFrameworksBuildPhase;
			buildActionMask = 2147483647;
			files = (
				C5C8310124F4EC70000E542A /* WebKit.framework in Frameworks */,
				C50EB8C32500959F007E06C4 /* MapKit.framework in Frameworks */,
				F572C9F79BF03D2A0188518F /* Pods_FindWorker.framework in Frameworks */,
			);
			runOnlyForDeploymentPostprocessing = 0;
		};
/* End PBXFrameworksBuildPhase section */

/* Begin PBXGroup section */
		56BCE003EE6D6C5FD0887EF0 /* Frameworks */ = {
			isa = PBXGroup;
			children = (
				C50EB8C22500959F007E06C4 /* MapKit.framework */,
				C5C8310024F4EC70000E542A /* WebKit.framework */,
				46E33E13FA0540ACFFB8B8F2 /* Pods_FindWorker.framework */,
			);
			name = Frameworks;
			sourceTree = "<group>";
		};
		C50EB8C42501DD4D007E06C4 /* ListWorkViewController */ = {
			isa = PBXGroup;
			children = (
				C50EB8C52501DD5F007E06C4 /* ListWorkViewController.swift */,
				C50EB8C62501DD5F007E06C4 /* ListWorkViewController.xib */,
			);
			path = ListWorkViewController;
			sourceTree = "<group>";
		};
		C50EB8C92502209B007E06C4 /* SettingViewController */ = {
			isa = PBXGroup;
			children = (
				C50EB8CA250220A5007E06C4 /* SettingViewController.swift */,
				C50EB8CB250220A5007E06C4 /* SettingViewController.xib */,
			);
			path = SettingViewController;
			sourceTree = "<group>";
		};
		C50EB8CE250225C9007E06C4 /* PermissionViewController */ = {
			isa = PBXGroup;
			children = (
				C50EB8CF250225D3007E06C4 /* PermissionViewController.swift */,
				C50EB8D0250225D3007E06C4 /* PermissionViewController.xib */,
			);
			path = PermissionViewController;
			sourceTree = "<group>";
		};
		C51BADCF24FE6F6100F91D75 /* WorkerDetailViewController */ = {
			isa = PBXGroup;
			children = (
				C5C8311124F65F16000E542A /* WorkerDetailViewController.swift */,
				C51BADD124FE6F7000F91D75 /* WorkerDetailViewController.xib */,
				C51BADD424FE6FC200F91D75 /* WorkerInfoTableViewCell.swift */,
				C51BADD524FE6FC200F91D75 /* WorkerInfoTableViewCell.xib */,
				C51BADD824FE6FF500F91D75 /* CommentTableViewCell.swift */,
				C51BADD924FE6FF500F91D75 /* CommentTableViewCell.xib */,
			);
			path = WorkerDetailViewController;
			sourceTree = "<group>";
		};
		C52CE3C824EE1F1A00A3C7F9 = {
			isa = PBXGroup;
			children = (
				C52CE3D324EE1F1A00A3C7F9 /* FindWorker */,
				C52CE3D224EE1F1A00A3C7F9 /* Products */,
				FD3A1B95B728B5F6F6015ABE /* Pods */,
				56BCE003EE6D6C5FD0887EF0 /* Frameworks */,
			);
			sourceTree = "<group>";
		};
		C52CE3D224EE1F1A00A3C7F9 /* Products */ = {
			isa = PBXGroup;
			children = (
				C52CE3D124EE1F1A00A3C7F9 /* FindWorker.app */,
			);
			name = Products;
			sourceTree = "<group>";
		};
		C52CE3D324EE1F1A00A3C7F9 /* FindWorker */ = {
			isa = PBXGroup;
			children = (
				C549C7FF250F593A00D01CDC /* Helper */,
				C5C830FE24F4EA3B000E542A /* content.html */,
				C52CE3E224EE1F1E00A3C7F9 /* Info.plist */,
				C52CE3D424EE1F1A00A3C7F9 /* AppDelegate.swift */,
				C5F5327E24EE7E0C00B1BF78 /* Constants.swift */,
				C52CE3DD24EE1F1E00A3C7F9 /* Assets.xcassets */,
				C5693FD124EFB97300D37F5A /* Extensions */,
				C52CE3DF24EE1F1E00A3C7F9 /* LaunchScreen.storyboard */,
				C52CE3DA24EE1F1A00A3C7F9 /* Main.storyboard */,
				C5693FD424EFC7C200D37F5A /* Models */,
				C5C830F224F39B54000E542A /* Views */,
				C5F5327724EE5ED200B1BF78 /* ViewControllers */,
			);
			path = FindWorker;
			sourceTree = "<group>";
		};
		C53252372508859B00698B64 /* DateTimePickerView */ = {
			isa = PBXGroup;
			children = (
				C5325238250885AD00698B64 /* DateTimePickerView.swift */,
				C532523A250885B700698B64 /* DateTimePickerView.xib */,
			);
			path = DateTimePickerView;
			sourceTree = "<group>";
		};
		C536F9FC24F89B020075CCBE /* ConfirmOrderViewController */ = {
			isa = PBXGroup;
			children = (
				C536FA0124F8A5770075CCBE /* ConfirmOrderViewController.swift */,
				C536FA0224F8A5770075CCBE /* ConfirmOrderViewController.xib */,
				C536FA0524F8A73D0075CCBE /* WorkItemTableViewCell.swift */,
				C536FA0624F8A73D0075CCBE /* WorkItemTableViewCell.xib */,
			);
			path = ConfirmOrderViewController;
			sourceTree = "<group>";
		};
		C536FA0924F8B4070075CCBE /* UserInfoViewController */ = {
			isa = PBXGroup;
			children = (
				C536FA0A24F8B4160075CCBE /* UserInfoViewController.swift */,
				C536FA0B24F8B4160075CCBE /* UserInfoViewController.xib */,
			);
			path = UserInfoViewController;
			sourceTree = "<group>";
		};
		C536FA0E24F8B9200075CCBE /* PaymenMethodView */ = {
			isa = PBXGroup;
			children = (
				C536FA0F24F8B9530075CCBE /* PaymenMethodView.swift */,
				C536FA1124F8B95E0075CCBE /* PaymenMethodView.xib */,
			);
			path = PaymenMethodView;
			sourceTree = "<group>";
		};
		C536FA1324F8DDC40075CCBE /* ListOrderViewController */ = {
			isa = PBXGroup;
			children = (
				C536FA1D24F8DFFA0075CCBE /* ListOrderTableViewCell */,
				C536FA1424F8DDD70075CCBE /* ListOrderViewController.swift */,
				C536FA1524F8DDD70075CCBE /* ListOrderViewController.xib */,
			);
			path = ListOrderViewController;
			sourceTree = "<group>";
		};
		C536FA1824F8DDF50075CCBE /* FilterOrderView */ = {
			isa = PBXGroup;
			children = (
				C536FA1924F8DE040075CCBE /* FilterOrderView.swift */,
				C536FA1B24F8DE0D0075CCBE /* FilterOrderView.xib */,
			);
			path = FilterOrderView;
			sourceTree = "<group>";
		};
		C536FA1D24F8DFFA0075CCBE /* ListOrderTableViewCell */ = {
			isa = PBXGroup;
			children = (
				C536FA1E24F8E00C0075CCBE /* OrderItemTableViewCell.swift */,
				C536FA1F24F8E00C0075CCBE /* OrderItemTableViewCell.xib */,
			);
			path = ListOrderTableViewCell;
			sourceTree = "<group>";
		};
		C536FA2224F8E9680075CCBE /* RatingWorkerViewController */ = {
			isa = PBXGroup;
			children = (
				C536FA2324F8E97D0075CCBE /* RatingWorkerViewController.swift */,
				C536FA2424F8E97D0075CCBE /* RatingWorkerViewController.xib */,
			);
			path = RatingWorkerViewController;
			sourceTree = "<group>";
		};
		C53D24E724FE4810004739B4 /* ServiceDetailViewController */ = {
			isa = PBXGroup;
			children = (
				C5C830FC24F4C769000E542A /* ServiceDetailViewController.swift */,
				C53D24E824FE4819004739B4 /* ServiceDetailViewController.xib */,
			);
			path = ServiceDetailViewController;
			sourceTree = "<group>";
		};
		C53D24EA24FE4897004739B4 /* UpdatePasswordViewController */ = {
			isa = PBXGroup;
			children = (
				C56182BB24FE030200E5B205 /* UpdatePasswordViewController.swift */,
				C53D24EC24FE48F6004739B4 /* UpdatePasswordViewController.xib */,
			);
			path = UpdatePasswordViewController;
			sourceTree = "<group>";
		};
		C53D24EE24FE4FC3004739B4 /* WorkInfoViewController */ = {
			isa = PBXGroup;
			children = (
				C5C8311324F75600000E542A /* WorkInfoViewController.swift */,
				C53D24EF24FE4FD0004739B4 /* WorkInfoViewController.xib */,
				C53D24F124FE51B7004739B4 /* AddressTableViewCell.swift */,
				C53D24F224FE51B7004739B4 /* AddressTableViewCell.xib */,
			);
			path = WorkInfoViewController;
			sourceTree = "<group>";
		};
		C5434C01250B755500716EC6 /* SearchLocationView */ = {
			isa = PBXGroup;
			children = (
				C5434C02250B756800716EC6 /* SearchLocationView.swift */,
				C5434C04250B757300716EC6 /* SearchLocationView.xib */,
			);
			path = SearchLocationView;
			sourceTree = "<group>";
		};
		C549C7FF250F593A00D01CDC /* Helper */ = {
			isa = PBXGroup;
			children = (
				C549C800250F596000D01CDC /* Helper.swift */,
			);
			path = Helper;
			sourceTree = "<group>";
		};
		C56182BF24FE2EE600E5B205 /* LoginViewController */ = {
			isa = PBXGroup;
			children = (
				C5F5327C24EE7D2E00B1BF78 /* LoginViewController.swift */,
				C56182C024FE2EF200E5B205 /* LoginViewController.xib */,
			);
			path = LoginViewController;
			sourceTree = "<group>";
		};
		C56182C224FE44B200E5B205 /* RegisterViewController */ = {
			isa = PBXGroup;
			children = (
				C5FACEC124EF74950023A282 /* RegisterViewController.swift */,
				C56182C324FE44B900E5B205 /* RegisterViewController.xib */,
			);
			path = RegisterViewController;
			sourceTree = "<group>";
		};
		C56182C524FE45B000E5B205 /* ForgetPasswordViewController */ = {
			isa = PBXGroup;
			children = (
				C56182C624FE45B700E5B205 /* ForgetPasswordViewController.xib */,
				C5693FCB24EF7E8200D37F5A /* ForgetPasswordViewController.swift */,
			);
			path = ForgetPasswordViewController;
			sourceTree = "<group>";
		};
		C56182C824FE464500E5B205 /* HomeViewController */ = {
			isa = PBXGroup;
			children = (
				C5693FCF24EFB6FA00D37F5A /* HomeViewController.swift */,
				C56182C924FE464C00E5B205 /* HomeViewController.xib */,
				C5693FD724EFC93E00D37F5A /* ServiceTableViewCell.swift */,
				C56182CC24FE46F400E5B205 /* ServiceTableViewCell.xib */,
			);
			path = HomeViewController;
			sourceTree = "<group>";
		};
		C5693FD124EFB97300D37F5A /* Extensions */ = {
			isa = PBXGroup;
			children = (
				C5693FD224EFB98800D37F5A /* UIColor+Extension.swift */,
				C5693FD924EFCFCA00D37F5A /* UIBarButtonItem+Badge.swift.swift */,
				C5C8310B24F61AAC000E542A /* UISegmentedControl+Extension.swift */,
				C5C8311724F76A65000E542A /* UIview+Extension.swift */,
				C5C8311B24F79BAC000E542A /* UIStackView+Extension.swift */,
				C536F9FA24F89ADA0075CCBE /* UIViewController+Extension.swift */,
				C5E4760224FCD99600062A4D /* NSMutableAttributedString+Extension.swift */,
				C525C4C22508C99F00563AE1 /* Date+Extension.swift */,
			);
			path = Extensions;
			sourceTree = "<group>";
		};
		C5693FD424EFC7C200D37F5A /* Models */ = {
			isa = PBXGroup;
			children = (
				C5693FD524EFC7CD00D37F5A /* Service.swift */,
				C5434BFF250A1B3F00716EC6 /* OrderModel.swift */,
			);
			path = Models;
			sourceTree = "<group>";
		};
		C5C830F224F39B54000E542A /* Views */ = {
			isa = PBXGroup;
			children = (
				C5E4760424FCD9BA00062A4D /* BaseView.swift */,
				C53252372508859B00698B64 /* DateTimePickerView */,
				C536FA1824F8DDF50075CCBE /* FilterOrderView */,
				C5C8310624F615A8000E542A /* FilterWorkerView */,
				C5E4760624FCD9DB00062A4D /* MainMenuView */,
				C536FA0E24F8B9200075CCBE /* PaymenMethodView */,
				C5434C01250B755500716EC6 /* SearchLocationView */,
				C5C830F724F3CF21000E542A /* ServiceSectionView */,
				C5E475FD24FCD77B00062A4D /* TermsAndPolicyView */,
			);
			path = Views;
			sourceTree = "<group>";
		};
		C5C830F724F3CF21000E542A /* ServiceSectionView */ = {
			isa = PBXGroup;
			children = (
				C5C830F824F3CF2C000E542A /* ServiceSectionView.swift */,
				C5C830FA24F3CF34000E542A /* ServiceSectionView.xib */,
			);
			path = ServiceSectionView;
			sourceTree = "<group>";
		};
		C5C8310624F615A8000E542A /* FilterWorkerView */ = {
			isa = PBXGroup;
			children = (
				C5C8310724F615B5000E542A /* FilterWorkerView.swift */,
				C5C8310924F615C3000E542A /* FilterWorkerView.xib */,
			);
			path = FilterWorkerView;
			sourceTree = "<group>";
		};
		C5E475FD24FCD77B00062A4D /* TermsAndPolicyView */ = {
			isa = PBXGroup;
			children = (
				C5E475FE24FCD78900062A4D /* TermsAndPolicyView.swift */,
				C5E4760024FCD79400062A4D /* TermsAndPolicyView.xib */,
			);
			path = TermsAndPolicyView;
			sourceTree = "<group>";
		};
		C5E4760624FCD9DB00062A4D /* MainMenuView */ = {
			isa = PBXGroup;
			children = (
				C5C830F324F39B70000E542A /* MainMenuView.swift */,
				C5C830F524F39B80000E542A /* MainMenuView.xib */,
			);
			path = MainMenuView;
			sourceTree = "<group>";
		};
		C5F5327724EE5ED200B1BF78 /* ViewControllers */ = {
			isa = PBXGroup;
			children = (
				C5F5327824EE5EF100B1BF78 /* BaseViewController.swift */,
				C5F5327A24EE727E00B1BF78 /* LaunchScreenViewController.swift */,
				C536F9FC24F89B020075CCBE /* ConfirmOrderViewController */,
				C56182C524FE45B000E5B205 /* ForgetPasswordViewController */,
				C56182C824FE464500E5B205 /* HomeViewController */,
				C536FA1324F8DDC40075CCBE /* ListOrderViewController */,
				C5FA0A7624FE62200052352C /* ListWorkerViewController */,
				C50EB8C42501DD4D007E06C4 /* ListWorkViewController */,
				C56182BF24FE2EE600E5B205 /* LoginViewController */,
				C5FA0A7124FE61450052352C /* MapViewController */,
				C50EB8CE250225C9007E06C4 /* PermissionViewController */,
				C536FA2224F8E9680075CCBE /* RatingWorkerViewController */,
				C56182C224FE44B200E5B205 /* RegisterViewController */,
				C53D24E724FE4810004739B4 /* ServiceDetailViewController */,
				C50EB8C92502209B007E06C4 /* SettingViewController */,
				C53D24EA24FE4897004739B4 /* UpdatePasswordViewController */,
				C536FA0924F8B4070075CCBE /* UserInfoViewController */,
				C51BADCF24FE6F6100F91D75 /* WorkerDetailViewController */,
				C53D24EE24FE4FC3004739B4 /* WorkInfoViewController */,
			);
			path = ViewControllers;
			sourceTree = "<group>";
		};
		C5FA0A7124FE61450052352C /* MapViewController */ = {
			isa = PBXGroup;
			children = (
				C5C8311924F790A1000E542A /* MapViewController.swift */,
				C5FA0A7324FE61890052352C /* MapViewController.xib */,
			);
			path = MapViewController;
			sourceTree = "<group>";
		};
		C5FA0A7624FE62200052352C /* ListWorkerViewController */ = {
			isa = PBXGroup;
			children = (
				C5C8310224F51880000E542A /* ListWorkerViewController.swift */,
				C5FA0A7824FE62900052352C /* ListWorkerViewController.xib */,
				C51BADCB24FE6B2300F91D75 /* WorkerTableViewCell.swift */,
				C51BADCC24FE6B2300F91D75 /* WorkerTableViewCell.xib */,
			);
			path = ListWorkerViewController;
			sourceTree = "<group>";
		};
		FD3A1B95B728B5F6F6015ABE /* Pods */ = {
			isa = PBXGroup;
			children = (
				5105A8C67C9E554539BFE608 /* Pods-FindWorker.debug.xcconfig */,
				FBD55000D5EBC55C209FB41E /* Pods-FindWorker.release.xcconfig */,
			);
			path = Pods;
			sourceTree = "<group>";
		};
/* End PBXGroup section */

/* Begin PBXNativeTarget section */
		C52CE3D024EE1F1A00A3C7F9 /* FindWorker */ = {
			isa = PBXNativeTarget;
			buildConfigurationList = C52CE3E524EE1F1E00A3C7F9 /* Build configuration list for PBXNativeTarget "FindWorker" */;
			buildPhases = (
				7FBEEC25794088D2F8D339FC /* [CP] Check Pods Manifest.lock */,
				C52CE3CD24EE1F1A00A3C7F9 /* Sources */,
				C52CE3CE24EE1F1A00A3C7F9 /* Frameworks */,
				C52CE3CF24EE1F1A00A3C7F9 /* Resources */,
				C7EDC31723B36653E4979F1C /* [CP] Embed Pods Frameworks */,
			);
			buildRules = (
			);
			dependencies = (
			);
			name = FindWorker;
			productName = FindWorker;
			productReference = C52CE3D124EE1F1A00A3C7F9 /* FindWorker.app */;
			productType = "com.apple.product-type.application";
		};
/* End PBXNativeTarget section */

/* Begin PBXProject section */
		C52CE3C924EE1F1A00A3C7F9 /* Project object */ = {
			isa = PBXProject;
			attributes = {
				LastSwiftUpdateCheck = 1130;
				LastUpgradeCheck = 1130;
				ORGANIZATIONNAME = Rakumo;
				TargetAttributes = {
					C52CE3D024EE1F1A00A3C7F9 = {
						CreatedOnToolsVersion = 11.3.1;
					};
				};
			};
			buildConfigurationList = C52CE3CC24EE1F1A00A3C7F9 /* Build configuration list for PBXProject "FindWorker" */;
			compatibilityVersion = "Xcode 9.3";
			developmentRegion = en;
			hasScannedForEncodings = 0;
			knownRegions = (
				en,
				Base,
			);
			mainGroup = C52CE3C824EE1F1A00A3C7F9;
			productRefGroup = C52CE3D224EE1F1A00A3C7F9 /* Products */;
			projectDirPath = "";
			projectRoot = "";
			targets = (
				C52CE3D024EE1F1A00A3C7F9 /* FindWorker */,
			);
		};
/* End PBXProject section */

/* Begin PBXResourcesBuildPhase section */
		C52CE3CF24EE1F1A00A3C7F9 /* Resources */ = {
			isa = PBXResourcesBuildPhase;
			buildActionMask = 2147483647;
			files = (
				C5E4760124FCD79400062A4D /* TermsAndPolicyView.xib in Resources */,
				C532523B250885B700698B64 /* DateTimePickerView.xib in Resources */,
				C5FA0A7524FE61890052352C /* MapViewController.xib in Resources */,
				C53D24F024FE4FD0004739B4 /* WorkInfoViewController.xib in Resources */,
				C536FA0824F8A73D0075CCBE /* WorkItemTableViewCell.xib in Resources */,
				C536FA2124F8E00C0075CCBE /* OrderItemTableViewCell.xib in Resources */,
				C536FA0424F8A5770075CCBE /* ConfirmOrderViewController.xib in Resources */,
				C5C830FB24F3CF34000E542A /* ServiceSectionView.xib in Resources */,
				C50EB8CD250220A5007E06C4 /* SettingViewController.xib in Resources */,
				C53D24E924FE4819004739B4 /* ServiceDetailViewController.xib in Resources */,
				C56182CA24FE464C00E5B205 /* HomeViewController.xib in Resources */,
				C50EB8C82501DD5F007E06C4 /* ListWorkViewController.xib in Resources */,
				C52CE3E124EE1F1E00A3C7F9 /* LaunchScreen.storyboard in Resources */,
				C56182CE24FE46F400E5B205 /* ServiceTableViewCell.xib in Resources */,
				C5C830FF24F4EA3B000E542A /* content.html in Resources */,
				C56182C124FE2EF200E5B205 /* LoginViewController.xib in Resources */,
				C5C8310A24F615C3000E542A /* FilterWorkerView.xib in Resources */,
				C51BADDB24FE6FF500F91D75 /* CommentTableViewCell.xib in Resources */,
				C52CE3DE24EE1F1E00A3C7F9 /* Assets.xcassets in Resources */,
				C536FA0D24F8B4160075CCBE /* UserInfoViewController.xib in Resources */,
				C50EB8D2250225D3007E06C4 /* PermissionViewController.xib in Resources */,
				C5C830F624F39B80000E542A /* MainMenuView.xib in Resources */,
				C52CE3DC24EE1F1A00A3C7F9 /* Main.storyboard in Resources */,
				C536FA1224F8B95E0075CCBE /* PaymenMethodView.xib in Resources */,
				C536FA1C24F8DE0D0075CCBE /* FilterOrderView.xib in Resources */,
				C5FA0A7A24FE62900052352C /* ListWorkerViewController.xib in Resources */,
				C51BADCE24FE6B2300F91D75 /* WorkerTableViewCell.xib in Resources */,
				C56182C724FE45B700E5B205 /* ForgetPasswordViewController.xib in Resources */,
				C51BADD324FE6F7000F91D75 /* WorkerDetailViewController.xib in Resources */,
				C5434C05250B757300716EC6 /* SearchLocationView.xib in Resources */,
				C56182C424FE44B900E5B205 /* RegisterViewController.xib in Resources */,
				C51BADD724FE6FC200F91D75 /* WorkerInfoTableViewCell.xib in Resources */,
				C53D24F424FE51B7004739B4 /* AddressTableViewCell.xib in Resources */,
				C536FA2624F8E97D0075CCBE /* RatingWorkerViewController.xib in Resources */,
				C53D24ED24FE48F6004739B4 /* UpdatePasswordViewController.xib in Resources */,
				C536FA1724F8DDD70075CCBE /* ListOrderViewController.xib in Resources */,
			);
			runOnlyForDeploymentPostprocessing = 0;
		};
/* End PBXResourcesBuildPhase section */

/* Begin PBXShellScriptBuildPhase section */
		7FBEEC25794088D2F8D339FC /* [CP] Check Pods Manifest.lock */ = {
			isa = PBXShellScriptBuildPhase;
			buildActionMask = 2147483647;
			files = (
			);
			inputFileListPaths = (
			);
			inputPaths = (
				"${PODS_PODFILE_DIR_PATH}/Podfile.lock",
				"${PODS_ROOT}/Manifest.lock",
			);
			name = "[CP] Check Pods Manifest.lock";
			outputFileListPaths = (
			);
			outputPaths = (
				"$(DERIVED_FILE_DIR)/Pods-FindWorker-checkManifestLockResult.txt",
			);
			runOnlyForDeploymentPostprocessing = 0;
			shellPath = /bin/sh;
			shellScript = "diff \"${PODS_PODFILE_DIR_PATH}/Podfile.lock\" \"${PODS_ROOT}/Manifest.lock\" > /dev/null\nif [ $? != 0 ] ; then\n    # print error to STDERR\n    echo \"error: The sandbox is not in sync with the Podfile.lock. Run 'pod install' or update your CocoaPods installation.\" >&2\n    exit 1\nfi\n# This output is used by Xcode 'outputs' to avoid re-running this script phase.\necho \"SUCCESS\" > \"${SCRIPT_OUTPUT_FILE_0}\"\n";
			showEnvVarsInLog = 0;
		};
		C7EDC31723B36653E4979F1C /* [CP] Embed Pods Frameworks */ = {
			isa = PBXShellScriptBuildPhase;
			buildActionMask = 2147483647;
			files = (
			);
			inputFileListPaths = (
				"${PODS_ROOT}/Target Support Files/Pods-FindWorker/Pods-FindWorker-frameworks-${CONFIGURATION}-input-files.xcfilelist",
			);
			name = "[CP] Embed Pods Frameworks";
			outputFileListPaths = (
				"${PODS_ROOT}/Target Support Files/Pods-FindWorker/Pods-FindWorker-frameworks-${CONFIGURATION}-output-files.xcfilelist",
			);
			runOnlyForDeploymentPostprocessing = 0;
			shellPath = /bin/sh;
			shellScript = "\"${PODS_ROOT}/Target Support Files/Pods-FindWorker/Pods-FindWorker-frameworks.sh\"\n";
			showEnvVarsInLog = 0;
		};
/* End PBXShellScriptBuildPhase section */

/* Begin PBXSourcesBuildPhase section */
		C52CE3CD24EE1F1A00A3C7F9 /* Sources */ = {
			isa = PBXSourcesBuildPhase;
			buildActionMask = 2147483647;
			files = (
				C5F5327D24EE7D2E00B1BF78 /* LoginViewController.swift in Sources */,
				C536FA0C24F8B4160075CCBE /* UserInfoViewController.swift in Sources */,
				C56182BC24FE030200E5B205 /* UpdatePasswordViewController.swift in Sources */,
				C5C8311C24F79BAC000E542A /* UIStackView+Extension.swift in Sources */,
				C5693FD324EFB98800D37F5A /* UIColor+Extension.swift in Sources */,
				C50EB8CC250220A5007E06C4 /* SettingViewController.swift in Sources */,
				C5E4760524FCD9BA00062A4D /* BaseView.swift in Sources */,
				C5C8311424F75600000E542A /* WorkInfoViewController.swift in Sources */,
				C51BADCD24FE6B2300F91D75 /* WorkerTableViewCell.swift in Sources */,
				C5325239250885AD00698B64 /* DateTimePickerView.swift in Sources */,
				C5FACEC224EF74950023A282 /* RegisterViewController.swift in Sources */,
				C51BADD624FE6FC200F91D75 /* WorkerInfoTableViewCell.swift in Sources */,
				C5C8311824F76A65000E542A /* UIview+Extension.swift in Sources */,
				C53D24F324FE51B7004739B4 /* AddressTableViewCell.swift in Sources */,
				C5C8310824F615B5000E542A /* FilterWorkerView.swift in Sources */,
				C5E475FF24FCD78900062A4D /* TermsAndPolicyView.swift in Sources */,
				C536FA1A24F8DE040075CCBE /* FilterOrderView.swift in Sources */,
				C5693FD624EFC7CD00D37F5A /* Service.swift in Sources */,
				C5F5327924EE5EF100B1BF78 /* BaseViewController.swift in Sources */,
				C5C8310324F51880000E542A /* ListWorkerViewController.swift in Sources */,
				C536FA0324F8A5770075CCBE /* ConfirmOrderViewController.swift in Sources */,
				C536FA2524F8E97D0075CCBE /* RatingWorkerViewController.swift in Sources */,
				C5693FD024EFB6FA00D37F5A /* HomeViewController.swift in Sources */,
				C549C801250F596000D01CDC /* Helper.swift in Sources */,
				C5434C03250B756800716EC6 /* SearchLocationView.swift in Sources */,
				C5C8311224F65F16000E542A /* WorkerDetailViewController.swift in Sources */,
				C536F9FB24F89ADA0075CCBE /* UIViewController+Extension.swift in Sources */,
				C536FA0724F8A73D0075CCBE /* WorkItemTableViewCell.swift in Sources */,
				C51BADDA24FE6FF500F91D75 /* CommentTableViewCell.swift in Sources */,
				C52CE3D524EE1F1A00A3C7F9 /* AppDelegate.swift in Sources */,
				C50EB8C72501DD5F007E06C4 /* ListWorkViewController.swift in Sources */,
				C5C830F424F39B70000E542A /* MainMenuView.swift in Sources */,
				C5693FDA24EFCFCA00D37F5A /* UIBarButtonItem+Badge.swift.swift in Sources */,
				C5F5327F24EE7E0C00B1BF78 /* Constants.swift in Sources */,
				C5693FCC24EF7E8200D37F5A /* ForgetPasswordViewController.swift in Sources */,
				C5E4760324FCD99600062A4D /* NSMutableAttributedString+Extension.swift in Sources */,
				C5434C00250A1B3F00716EC6 /* OrderModel.swift in Sources */,
				C5693FD824EFC93E00D37F5A /* ServiceTableViewCell.swift in Sources */,
				C525C4C32508C99F00563AE1 /* Date+Extension.swift in Sources */,
				C50EB8D1250225D3007E06C4 /* PermissionViewController.swift in Sources */,
				C5C8311A24F790A1000E542A /* MapViewController.swift in Sources */,
				C536FA2024F8E00C0075CCBE /* OrderItemTableViewCell.swift in Sources */,
				C5C8310C24F61AAC000E542A /* UISegmentedControl+Extension.swift in Sources */,
				C536FA1024F8B9530075CCBE /* PaymenMethodView.swift in Sources */,
				C5C830FD24F4C769000E542A /* ServiceDetailViewController.swift in Sources */,
				C5C830F924F3CF2C000E542A /* ServiceSectionView.swift in Sources */,
				C5F5327B24EE727E00B1BF78 /* LaunchScreenViewController.swift in Sources */,
				C536FA1624F8DDD70075CCBE /* ListOrderViewController.swift in Sources */,
			);
			runOnlyForDeploymentPostprocessing = 0;
		};
/* End PBXSourcesBuildPhase section */

/* Begin PBXVariantGroup section */
		C52CE3DA24EE1F1A00A3C7F9 /* Main.storyboard */ = {
			isa = PBXVariantGroup;
			children = (
				C52CE3DB24EE1F1A00A3C7F9 /* Base */,
			);
			name = Main.storyboard;
			sourceTree = "<group>";
		};
		C52CE3DF24EE1F1E00A3C7F9 /* LaunchScreen.storyboard */ = {
			isa = PBXVariantGroup;
			children = (
				C52CE3E024EE1F1E00A3C7F9 /* Base */,
			);
			name = LaunchScreen.storyboard;
			sourceTree = "<group>";
		};
/* End PBXVariantGroup section */

/* Begin XCBuildConfiguration section */
		C52CE3E324EE1F1E00A3C7F9 /* Debug */ = {
			isa = XCBuildConfiguration;
			buildSettings = {
				ALWAYS_SEARCH_USER_PATHS = NO;
				CLANG_ANALYZER_NONNULL = YES;
				CLANG_ANALYZER_NUMBER_OBJECT_CONVERSION = YES_AGGRESSIVE;
				CLANG_CXX_LANGUAGE_STANDARD = "gnu++14";
				CLANG_CXX_LIBRARY = "libc++";
				CLANG_ENABLE_MODULES = YES;
				CLANG_ENABLE_OBJC_ARC = YES;
				CLANG_ENABLE_OBJC_WEAK = YES;
				CLANG_WARN_BLOCK_CAPTURE_AUTORELEASING = YES;
				CLANG_WARN_BOOL_CONVERSION = YES;
				CLANG_WARN_COMMA = YES;
				CLANG_WARN_CONSTANT_CONVERSION = YES;
				CLANG_WARN_DEPRECATED_OBJC_IMPLEMENTATIONS = YES;
				CLANG_WARN_DIRECT_OBJC_ISA_USAGE = YES_ERROR;
				CLANG_WARN_DOCUMENTATION_COMMENTS = YES;
				CLANG_WARN_EMPTY_BODY = YES;
				CLANG_WARN_ENUM_CONVERSION = YES;
				CLANG_WARN_INFINITE_RECURSION = YES;
				CLANG_WARN_INT_CONVERSION = YES;
				CLANG_WARN_NON_LITERAL_NULL_CONVERSION = YES;
				CLANG_WARN_OBJC_IMPLICIT_RETAIN_SELF = YES;
				CLANG_WARN_OBJC_LITERAL_CONVERSION = YES;
				CLANG_WARN_OBJC_ROOT_CLASS = YES_ERROR;
				CLANG_WARN_RANGE_LOOP_ANALYSIS = YES;
				CLANG_WARN_STRICT_PROTOTYPES = YES;
				CLANG_WARN_SUSPICIOUS_MOVE = YES;
				CLANG_WARN_UNGUARDED_AVAILABILITY = YES_AGGRESSIVE;
				CLANG_WARN_UNREACHABLE_CODE = YES;
				CLANG_WARN__DUPLICATE_METHOD_MATCH = YES;
				COPY_PHASE_STRIP = NO;
				DEBUG_INFORMATION_FORMAT = dwarf;
				ENABLE_STRICT_OBJC_MSGSEND = YES;
				ENABLE_TESTABILITY = YES;
				GCC_C_LANGUAGE_STANDARD = gnu11;
				GCC_DYNAMIC_NO_PIC = NO;
				GCC_NO_COMMON_BLOCKS = YES;
				GCC_OPTIMIZATION_LEVEL = 0;
				GCC_PREPROCESSOR_DEFINITIONS = (
					"DEBUG=1",
					"$(inherited)",
				);
				GCC_WARN_64_TO_32_BIT_CONVERSION = YES;
				GCC_WARN_ABOUT_RETURN_TYPE = YES_ERROR;
				GCC_WARN_UNDECLARED_SELECTOR = YES;
				GCC_WARN_UNINITIALIZED_AUTOS = YES_AGGRESSIVE;
				GCC_WARN_UNUSED_FUNCTION = YES;
				GCC_WARN_UNUSED_VARIABLE = YES;
				IPHONEOS_DEPLOYMENT_TARGET = 13.2;
				MTL_ENABLE_DEBUG_INFO = INCLUDE_SOURCE;
				MTL_FAST_MATH = YES;
				ONLY_ACTIVE_ARCH = YES;
				SDKROOT = iphoneos;
				SWIFT_ACTIVE_COMPILATION_CONDITIONS = DEBUG;
				SWIFT_OPTIMIZATION_LEVEL = "-Onone";
			};
			name = Debug;
		};
		C52CE3E424EE1F1E00A3C7F9 /* Release */ = {
			isa = XCBuildConfiguration;
			buildSettings = {
				ALWAYS_SEARCH_USER_PATHS = NO;
				CLANG_ANALYZER_NONNULL = YES;
				CLANG_ANALYZER_NUMBER_OBJECT_CONVERSION = YES_AGGRESSIVE;
				CLANG_CXX_LANGUAGE_STANDARD = "gnu++14";
				CLANG_CXX_LIBRARY = "libc++";
				CLANG_ENABLE_MODULES = YES;
				CLANG_ENABLE_OBJC_ARC = YES;
				CLANG_ENABLE_OBJC_WEAK = YES;
				CLANG_WARN_BLOCK_CAPTURE_AUTORELEASING = YES;
				CLANG_WARN_BOOL_CONVERSION = YES;
				CLANG_WARN_COMMA = YES;
				CLANG_WARN_CONSTANT_CONVERSION = YES;
				CLANG_WARN_DEPRECATED_OBJC_IMPLEMENTATIONS = YES;
				CLANG_WARN_DIRECT_OBJC_ISA_USAGE = YES_ERROR;
				CLANG_WARN_DOCUMENTATION_COMMENTS = YES;
				CLANG_WARN_EMPTY_BODY = YES;
				CLANG_WARN_ENUM_CONVERSION = YES;
				CLANG_WARN_INFINITE_RECURSION = YES;
				CLANG_WARN_INT_CONVERSION = YES;
				CLANG_WARN_NON_LITERAL_NULL_CONVERSION = YES;
				CLANG_WARN_OBJC_IMPLICIT_RETAIN_SELF = YES;
				CLANG_WARN_OBJC_LITERAL_CONVERSION = YES;
				CLANG_WARN_OBJC_ROOT_CLASS = YES_ERROR;
				CLANG_WARN_RANGE_LOOP_ANALYSIS = YES;
				CLANG_WARN_STRICT_PROTOTYPES = YES;
				CLANG_WARN_SUSPICIOUS_MOVE = YES;
				CLANG_WARN_UNGUARDED_AVAILABILITY = YES_AGGRESSIVE;
				CLANG_WARN_UNREACHABLE_CODE = YES;
				CLANG_WARN__DUPLICATE_METHOD_MATCH = YES;
				COPY_PHASE_STRIP = NO;
				DEBUG_INFORMATION_FORMAT = "dwarf-with-dsym";
				ENABLE_NS_ASSERTIONS = NO;
				ENABLE_STRICT_OBJC_MSGSEND = YES;
				GCC_C_LANGUAGE_STANDARD = gnu11;
				GCC_NO_COMMON_BLOCKS = YES;
				GCC_WARN_64_TO_32_BIT_CONVERSION = YES;
				GCC_WARN_ABOUT_RETURN_TYPE = YES_ERROR;
				GCC_WARN_UNDECLARED_SELECTOR = YES;
				GCC_WARN_UNINITIALIZED_AUTOS = YES_AGGRESSIVE;
				GCC_WARN_UNUSED_FUNCTION = YES;
				GCC_WARN_UNUSED_VARIABLE = YES;
				IPHONEOS_DEPLOYMENT_TARGET = 13.2;
				MTL_ENABLE_DEBUG_INFO = NO;
				MTL_FAST_MATH = YES;
				SDKROOT = iphoneos;
				SWIFT_COMPILATION_MODE = wholemodule;
				SWIFT_OPTIMIZATION_LEVEL = "-O";
				VALIDATE_PRODUCT = YES;
			};
			name = Release;
		};
		C52CE3E624EE1F1E00A3C7F9 /* Debug */ = {
			isa = XCBuildConfiguration;
			baseConfigurationReference = 5105A8C67C9E554539BFE608 /* Pods-FindWorker.debug.xcconfig */;
			buildSettings = {
				ASSETCATALOG_COMPILER_APPICON_NAME = AppIcon;
				CODE_SIGN_STYLE = Automatic;
				DEVELOPMENT_TEAM = 7MKY9HR94G;
				INFOPLIST_FILE = FindWorker/Info.plist;
				IPHONEOS_DEPLOYMENT_TARGET = 12.0;
				LD_RUNPATH_SEARCH_PATHS = (
					"$(inherited)",
					"@executable_path/Frameworks",
				);
				PRODUCT_BUNDLE_IDENTIFIER = Rakumo.FindWorker;
				PRODUCT_NAME = "$(TARGET_NAME)";
				SWIFT_VERSION = 5.0;
				TARGETED_DEVICE_FAMILY = 1;
			};
			name = Debug;
		};
		C52CE3E724EE1F1E00A3C7F9 /* Release */ = {
			isa = XCBuildConfiguration;
			baseConfigurationReference = FBD55000D5EBC55C209FB41E /* Pods-FindWorker.release.xcconfig */;
			buildSettings = {
				ASSETCATALOG_COMPILER_APPICON_NAME = AppIcon;
				CODE_SIGN_STYLE = Automatic;
				DEVELOPMENT_TEAM = 7MKY9HR94G;
				INFOPLIST_FILE = FindWorker/Info.plist;
				IPHONEOS_DEPLOYMENT_TARGET = 12.0;
				LD_RUNPATH_SEARCH_PATHS = (
					"$(inherited)",
					"@executable_path/Frameworks",
				);
				PRODUCT_BUNDLE_IDENTIFIER = Rakumo.FindWorker;
				PRODUCT_NAME = "$(TARGET_NAME)";
				SWIFT_VERSION = 5.0;
				TARGETED_DEVICE_FAMILY = 1;
			};
			name = Release;
		};
/* End XCBuildConfiguration section */

/* Begin XCConfigurationList section */
		C52CE3CC24EE1F1A00A3C7F9 /* Build configuration list for PBXProject "FindWorker" */ = {
			isa = XCConfigurationList;
			buildConfigurations = (
				C52CE3E324EE1F1E00A3C7F9 /* Debug */,
				C52CE3E424EE1F1E00A3C7F9 /* Release */,
			);
			defaultConfigurationIsVisible = 0;
			defaultConfigurationName = Release;
		};
		C52CE3E524EE1F1E00A3C7F9 /* Build configuration list for PBXNativeTarget "FindWorker" */ = {
			isa = XCConfigurationList;
			buildConfigurations = (
				C52CE3E624EE1F1E00A3C7F9 /* Debug */,
				C52CE3E724EE1F1E00A3C7F9 /* Release */,
			);
			defaultConfigurationIsVisible = 0;
			defaultConfigurationName = Release;
		};
/* End XCConfigurationList section */
	};
	rootObject = C52CE3C924EE1F1A00A3C7F9 /* Project object */;
}
