// !$*UTF8*$!
{
	archiveVersion = 1;
	classes = {
	};
	objectVersion = 50;
	objects = {

/* Begin PBXBuildFile section */
		C52CE3D524EE1F1A00A3C7F9 /* AppDelegate.swift in Sources */ = {isa = PBXBuildFile; fileRef = C52CE3D424EE1F1A00A3C7F9 /* AppDelegate.swift */; };
		C52CE3D724EE1F1A00A3C7F9 /* SceneDelegate.swift in Sources */ = {isa = PBXBuildFile; fileRef = C52CE3D624EE1F1A00A3C7F9 /* SceneDelegate.swift */; };
		C52CE3D924EE1F1A00A3C7F9 /* ViewController.swift in Sources */ = {isa = PBXBuildFile; fileRef = C52CE3D824EE1F1A00A3C7F9 /* ViewController.swift */; };
		C52CE3DC24EE1F1A00A3C7F9 /* Main.storyboard in Resources */ = {isa = PBXBuildFile; fileRef = C52CE3DA24EE1F1A00A3C7F9 /* Main.storyboard */; };
		C52CE3DE24EE1F1E00A3C7F9 /* Assets.xcassets in Resources */ = {isa = PBXBuildFile; fileRef = C52CE3DD24EE1F1E00A3C7F9 /* Assets.xcassets */; };
		C52CE3E124EE1F1E00A3C7F9 /* LaunchScreen.storyboard in Resources */ = {isa = PBXBuildFile; fileRef = C52CE3DF24EE1F1E00A3C7F9 /* LaunchScreen.storyboard */; };
		F572C9F79BF03D2A0188518F /* Pods_FindWorker.framework in Frameworks */ = {isa = PBXBuildFile; fileRef = 46E33E13FA0540ACFFB8B8F2 /* Pods_FindWorker.framework */; };
/* End PBXBuildFile section */

/* Begin PBXFileReference section */
		46E33E13FA0540ACFFB8B8F2 /* Pods_FindWorker.framework */ = {isa = PBXFileReference; explicitFileType = wrapper.framework; includeInIndex = 0; path = Pods_FindWorker.framework; sourceTree = BUILT_PRODUCTS_DIR; };
		5105A8C67C9E554539BFE608 /* Pods-FindWorker.debug.xcconfig */ = {isa = PBXFileReference; includeInIndex = 1; lastKnownFileType = text.xcconfig; name = "Pods-FindWorker.debug.xcconfig"; path = "Target Support Files/Pods-FindWorker/Pods-FindWorker.debug.xcconfig"; sourceTree = "<group>"; };
		C52CE3D124EE1F1A00A3C7F9 /* FindWorker.app */ = {isa = PBXFileReference; explicitFileType = wrapper.application; includeInIndex = 0; path = FindWorker.app; sourceTree = BUILT_PRODUCTS_DIR; };
		C52CE3D424EE1F1A00A3C7F9 /* AppDelegate.swift */ = {isa = PBXFileReference; lastKnownFileType = sourcecode.swift; path = AppDelegate.swift; sourceTree = "<group>"; };
		C52CE3D624EE1F1A00A3C7F9 /* SceneDelegate.swift */ = {isa = PBXFileReference; lastKnownFileType = sourcecode.swift; path = SceneDelegate.swift; sourceTree = "<group>"; };
		C52CE3D824EE1F1A00A3C7F9 /* ViewController.swift */ = {isa = PBXFileReference; lastKnownFileType = sourcecode.swift; path = ViewController.swift; sourceTree = "<group>"; };
		C52CE3DB24EE1F1A00A3C7F9 /* Base */ = {isa = PBXFileReference; lastKnownFileType = file.storyboard; name = Base; path = Base.lproj/Main.storyboard; sourceTree = "<group>"; };
		C52CE3DD24EE1F1E00A3C7F9 /* Assets.xcassets */ = {isa = PBXFileReference; lastKnownFileType = folder.assetcatalog; path = Assets.xcassets; sourceTree = "<group>"; };
		C52CE3E024EE1F1E00A3C7F9 /* Base */ = {isa = PBXFileReference; lastKnownFileType = file.storyboard; name = Base; path = Base.lproj/LaunchScreen.storyboard; sourceTree = "<group>"; };
		C52CE3E224EE1F1E00A3C7F9 /* Info.plist */ = {isa = PBXFileReference; lastKnownFileType = text.plist.xml; path = Info.plist; sourceTree = "<group>"; };
		FBD55000D5EBC55C209FB41E /* Pods-FindWorker.release.xcconfig */ = {isa = PBXFileReference; includeInIndex = 1; lastKnownFileType = text.xcconfig; name = "Pods-FindWorker.release.xcconfig"; path = "Target Support Files/Pods-FindWorker/Pods-FindWorker.release.xcconfig"; sourceTree = "<group>"; };
/* End PBXFileReference section */

/* Begin PBXFrameworksBuildPhase section */
		C52CE3CE24EE1F1A00A3C7F9 /* Frameworks */ = {
			isa = PBXFrameworksBuildPhase;
			buildActionMask = 2147483647;
			files = (
				F572C9F79BF03D2A0188518F /* Pods_FindWorker.framework in Frameworks */,
			);
			runOnlyForDeploymentPostprocessing = 0;
		};
/* End PBXFrameworksBuildPhase section */

/* Begin PBXGroup section */
		56BCE003EE6D6C5FD0887EF0 /* Frameworks */ = {
			isa = PBXGroup;
			children = (
				46E33E13FA0540ACFFB8B8F2 /* Pods_FindWorker.framework */,
			);
			name = Frameworks;
			sourceTree = "<group>";
		};
		C52CE3C824EE1F1A00A3C7F9 = {
			isa = PBXGroup;
			children = (
				C52CE3D324EE1F1A00A3C7F9 /* FindWorker */,
				C52CE3D224EE1F1A00A3C7F9 /* Products */,
				FD3A1B95B728B5F6F6015ABE /* Pods */,
				56BCE003EE6D6C5FD0887EF0 /* Frameworks */,
			);
			sourceTree = "<group>";
		};
		C52CE3D224EE1F1A00A3C7F9 /* Products */ = {
			isa = PBXGroup;
			children = (
				C52CE3D124EE1F1A00A3C7F9 /* FindWorker.app */,
			);
			name = Products;
			sourceTree = "<group>";
		};
		C52CE3D324EE1F1A00A3C7F9 /* FindWorker */ = {
			isa = PBXGroup;
			children = (
				C52CE3D424EE1F1A00A3C7F9 /* AppDelegate.swift */,
				C52CE3D624EE1F1A00A3C7F9 /* SceneDelegate.swift */,
				C52CE3D824EE1F1A00A3C7F9 /* ViewController.swift */,
				C52CE3DA24EE1F1A00A3C7F9 /* Main.storyboard */,
				C52CE3DD24EE1F1E00A3C7F9 /* Assets.xcassets */,
				C52CE3DF24EE1F1E00A3C7F9 /* LaunchScreen.storyboard */,
				C52CE3E224EE1F1E00A3C7F9 /* Info.plist */,
			);
			path = FindWorker;
			sourceTree = "<group>";
		};
		FD3A1B95B728B5F6F6015ABE /* Pods */ = {
			isa = PBXGroup;
			children = (
				5105A8C67C9E554539BFE608 /* Pods-FindWorker.debug.xcconfig */,
				FBD55000D5EBC55C209FB41E /* Pods-FindWorker.release.xcconfig */,
			);
			name = Pods;
			path = Pods;
			sourceTree = "<group>";
		};
/* End PBXGroup section */

/* Begin PBXNativeTarget section */
		C52CE3D024EE1F1A00A3C7F9 /* FindWorker */ = {
			isa = PBXNativeTarget;
			buildConfigurationList = C52CE3E524EE1F1E00A3C7F9 /* Build configuration list for PBXNativeTarget "FindWorker" */;
			buildPhases = (
				7FBEEC25794088D2F8D339FC /* [CP] Check Pods Manifest.lock */,
				C52CE3CD24EE1F1A00A3C7F9 /* Sources */,
				C52CE3CE24EE1F1A00A3C7F9 /* Frameworks */,
				C52CE3CF24EE1F1A00A3C7F9 /* Resources */,
			);
			buildRules = (
			);
			dependencies = (
			);
			name = FindWorker;
			productName = FindWorker;
			productReference = C52CE3D124EE1F1A00A3C7F9 /* FindWorker.app */;
			productType = "com.apple.product-type.application";
		};
/* End PBXNativeTarget section */

/* Begin PBXProject section */
		C52CE3C924EE1F1A00A3C7F9 /* Project object */ = {
			isa = PBXProject;
			attributes = {
				LastSwiftUpdateCheck = 1130;
				LastUpgradeCheck = 1130;
				ORGANIZATIONNAME = Rakumo;
				TargetAttributes = {
					C52CE3D024EE1F1A00A3C7F9 = {
						CreatedOnToolsVersion = 11.3.1;
					};
				};
			};
			buildConfigurationList = C52CE3CC24EE1F1A00A3C7F9 /* Build configuration list for PBXProject "FindWorker" */;
			compatibilityVersion = "Xcode 9.3";
			developmentRegion = en;
			hasScannedForEncodings = 0;
			knownRegions = (
				en,
				Base,
			);
			mainGroup = C52CE3C824EE1F1A00A3C7F9;
			productRefGroup = C52CE3D224EE1F1A00A3C7F9 /* Products */;
			projectDirPath = "";
			projectRoot = "";
			targets = (
				C52CE3D024EE1F1A00A3C7F9 /* FindWorker */,
			);
		};
/* End PBXProject section */

/* Begin PBXResourcesBuildPhase section */
		C52CE3CF24EE1F1A00A3C7F9 /* Resources */ = {
			isa = PBXResourcesBuildPhase;
			buildActionMask = 2147483647;
			files = (
				C52CE3E124EE1F1E00A3C7F9 /* LaunchScreen.storyboard in Resources */,
				C52CE3DE24EE1F1E00A3C7F9 /* Assets.xcassets in Resources */,
				C52CE3DC24EE1F1A00A3C7F9 /* Main.storyboard in Resources */,
			);
			runOnlyForDeploymentPostprocessing = 0;
		};
/* End PBXResourcesBuildPhase section */

/* Begin PBXShellScriptBuildPhase section */
		7FBEEC25794088D2F8D339FC /* [CP] Check Pods Manifest.lock */ = {
			isa = PBXShellScriptBuildPhase;
			buildActionMask = 2147483647;
			files = (
			);
			inputFileListPaths = (
			);
			inputPaths = (
				"${PODS_PODFILE_DIR_PATH}/Podfile.lock",
				"${PODS_ROOT}/Manifest.lock",
			);
			name = "[CP] Check Pods Manifest.lock";
			outputFileListPaths = (
			);
			outputPaths = (
				"$(DERIVED_FILE_DIR)/Pods-FindWorker-checkManifestLockResult.txt",
			);
			runOnlyForDeploymentPostprocessing = 0;
			shellPath = /bin/sh;
			shellScript = "diff \"${PODS_PODFILE_DIR_PATH}/Podfile.lock\" \"${PODS_ROOT}/Manifest.lock\" > /dev/null\nif [ $? != 0 ] ; then\n    # print error to STDERR\n    echo \"error: The sandbox is not in sync with the Podfile.lock. Run 'pod install' or update your CocoaPods installation.\" >&2\n    exit 1\nfi\n# This output is used by Xcode 'outputs' to avoid re-running this script phase.\necho \"SUCCESS\" > \"${SCRIPT_OUTPUT_FILE_0}\"\n";
			showEnvVarsInLog = 0;
		};
/* End PBXShellScriptBuildPhase section */

/* Begin PBXSourcesBuildPhase section */
		C52CE3CD24EE1F1A00A3C7F9 /* Sources */ = {
			isa = PBXSourcesBuildPhase;
			buildActionMask = 2147483647;
			files = (
				C52CE3D924EE1F1A00A3C7F9 /* ViewController.swift in Sources */,
				C52CE3D524EE1F1A00A3C7F9 /* AppDelegate.swift in Sources */,
				C52CE3D724EE1F1A00A3C7F9 /* SceneDelegate.swift in Sources */,
			);
			runOnlyForDeploymentPostprocessing = 0;
		};
/* End PBXSourcesBuildPhase section */

/* Begin PBXVariantGroup section */
		C52CE3DA24EE1F1A00A3C7F9 /* Main.storyboard */ = {
			isa = PBXVariantGroup;
			children = (
				C52CE3DB24EE1F1A00A3C7F9 /* Base */,
			);
			name = Main.storyboard;
			sourceTree = "<group>";
		};
		C52CE3DF24EE1F1E00A3C7F9 /* LaunchScreen.storyboard */ = {
			isa = PBXVariantGroup;
			children = (
				C52CE3E024EE1F1E00A3C7F9 /* Base */,
			);
			name = LaunchScreen.storyboard;
			sourceTree = "<group>";
		};
/* End PBXVariantGroup section */

/* Begin XCBuildConfiguration section */
		C52CE3E324EE1F1E00A3C7F9 /* Debug */ = {
			isa = XCBuildConfiguration;
			buildSettings = {
				ALWAYS_SEARCH_USER_PATHS = NO;
				CLANG_ANALYZER_NONNULL = YES;
				CLANG_ANALYZER_NUMBER_OBJECT_CONVERSION = YES_AGGRESSIVE;
				CLANG_CXX_LANGUAGE_STANDARD = "gnu++14";
				CLANG_CXX_LIBRARY = "libc++";
				CLANG_ENABLE_MODULES = YES;
				CLANG_ENABLE_OBJC_ARC = YES;
				CLANG_ENABLE_OBJC_WEAK = YES;
				CLANG_WARN_BLOCK_CAPTURE_AUTORELEASING = YES;
				CLANG_WARN_BOOL_CONVERSION = YES;
				CLANG_WARN_COMMA = YES;
				CLANG_WARN_CONSTANT_CONVERSION = YES;
				CLANG_WARN_DEPRECATED_OBJC_IMPLEMENTATIONS = YES;
				CLANG_WARN_DIRECT_OBJC_ISA_USAGE = YES_ERROR;
				CLANG_WARN_DOCUMENTATION_COMMENTS = YES;
				CLANG_WARN_EMPTY_BODY = YES;
				CLANG_WARN_ENUM_CONVERSION = YES;
				CLANG_WARN_INFINITE_RECURSION = YES;
				CLANG_WARN_INT_CONVERSION = YES;
				CLANG_WARN_NON_LITERAL_NULL_CONVERSION = YES;
				CLANG_WARN_OBJC_IMPLICIT_RETAIN_SELF = YES;
				CLANG_WARN_OBJC_LITERAL_CONVERSION = YES;
				CLANG_WARN_OBJC_ROOT_CLASS = YES_ERROR;
				CLANG_WARN_RANGE_LOOP_ANALYSIS = YES;
				CLANG_WARN_STRICT_PROTOTYPES = YES;
				CLANG_WARN_SUSPICIOUS_MOVE = YES;
				CLANG_WARN_UNGUARDED_AVAILABILITY = YES_AGGRESSIVE;
				CLANG_WARN_UNREACHABLE_CODE = YES;
				CLANG_WARN__DUPLICATE_METHOD_MATCH = YES;
				COPY_PHASE_STRIP = NO;
				DEBUG_INFORMATION_FORMAT = dwarf;
				ENABLE_STRICT_OBJC_MSGSEND = YES;
				ENABLE_TESTABILITY = YES;
				GCC_C_LANGUAGE_STANDARD = gnu11;
				GCC_DYNAMIC_NO_PIC = NO;
				GCC_NO_COMMON_BLOCKS = YES;
				GCC_OPTIMIZATION_LEVEL = 0;
				GCC_PREPROCESSOR_DEFINITIONS = (
					"DEBUG=1",
					"$(inherited)",
				);
				GCC_WARN_64_TO_32_BIT_CONVERSION = YES;
				GCC_WARN_ABOUT_RETURN_TYPE = YES_ERROR;
				GCC_WARN_UNDECLARED_SELECTOR = YES;
				GCC_WARN_UNINITIALIZED_AUTOS = YES_AGGRESSIVE;
				GCC_WARN_UNUSED_FUNCTION = YES;
				GCC_WARN_UNUSED_VARIABLE = YES;
				IPHONEOS_DEPLOYMENT_TARGET = 13.2;
				MTL_ENABLE_DEBUG_INFO = INCLUDE_SOURCE;
				MTL_FAST_MATH = YES;
				ONLY_ACTIVE_ARCH = YES;
				SDKROOT = iphoneos;
				SWIFT_ACTIVE_COMPILATION_CONDITIONS = DEBUG;
				SWIFT_OPTIMIZATION_LEVEL = "-Onone";
			};
			name = Debug;
		};
		C52CE3E424EE1F1E00A3C7F9 /* Release */ = {
			isa = XCBuildConfiguration;
			buildSettings = {
				ALWAYS_SEARCH_USER_PATHS = NO;
				CLANG_ANALYZER_NONNULL = YES;
				CLANG_ANALYZER_NUMBER_OBJECT_CONVERSION = YES_AGGRESSIVE;
				CLANG_CXX_LANGUAGE_STANDARD = "gnu++14";
				CLANG_CXX_LIBRARY = "libc++";
				CLANG_ENABLE_MODULES = YES;
				CLANG_ENABLE_OBJC_ARC = YES;
				CLANG_ENABLE_OBJC_WEAK = YES;
				CLANG_WARN_BLOCK_CAPTURE_AUTORELEASING = YES;
				CLANG_WARN_BOOL_CONVERSION = YES;
				CLANG_WARN_COMMA = YES;
				CLANG_WARN_CONSTANT_CONVERSION = YES;
				CLANG_WARN_DEPRECATED_OBJC_IMPLEMENTATIONS = YES;
				CLANG_WARN_DIRECT_OBJC_ISA_USAGE = YES_ERROR;
				CLANG_WARN_DOCUMENTATION_COMMENTS = YES;
				CLANG_WARN_EMPTY_BODY = YES;
				CLANG_WARN_ENUM_CONVERSION = YES;
				CLANG_WARN_INFINITE_RECURSION = YES;
				CLANG_WARN_INT_CONVERSION = YES;
				CLANG_WARN_NON_LITERAL_NULL_CONVERSION = YES;
				CLANG_WARN_OBJC_IMPLICIT_RETAIN_SELF = YES;
				CLANG_WARN_OBJC_LITERAL_CONVERSION = YES;
				CLANG_WARN_OBJC_ROOT_CLASS = YES_ERROR;
				CLANG_WARN_RANGE_LOOP_ANALYSIS = YES;
				CLANG_WARN_STRICT_PROTOTYPES = YES;
				CLANG_WARN_SUSPICIOUS_MOVE = YES;
				CLANG_WARN_UNGUARDED_AVAILABILITY = YES_AGGRESSIVE;
				CLANG_WARN_UNREACHABLE_CODE = YES;
				CLANG_WARN__DUPLICATE_METHOD_MATCH = YES;
				COPY_PHASE_STRIP = NO;
				DEBUG_INFORMATION_FORMAT = "dwarf-with-dsym";
				ENABLE_NS_ASSERTIONS = NO;
				ENABLE_STRICT_OBJC_MSGSEND = YES;
				GCC_C_LANGUAGE_STANDARD = gnu11;
				GCC_NO_COMMON_BLOCKS = YES;
				GCC_WARN_64_TO_32_BIT_CONVERSION = YES;
				GCC_WARN_ABOUT_RETURN_TYPE = YES_ERROR;
				GCC_WARN_UNDECLARED_SELECTOR = YES;
				GCC_WARN_UNINITIALIZED_AUTOS = YES_AGGRESSIVE;
				GCC_WARN_UNUSED_FUNCTION = YES;
				GCC_WARN_UNUSED_VARIABLE = YES;
				IPHONEOS_DEPLOYMENT_TARGET = 13.2;
				MTL_ENABLE_DEBUG_INFO = NO;
				MTL_FAST_MATH = YES;
				SDKROOT = iphoneos;
				SWIFT_COMPILATION_MODE = wholemodule;
				SWIFT_OPTIMIZATION_LEVEL = "-O";
				VALIDATE_PRODUCT = YES;
			};
			name = Release;
		};
		C52CE3E624EE1F1E00A3C7F9 /* Debug */ = {
			isa = XCBuildConfiguration;
			baseConfigurationReference = 5105A8C67C9E554539BFE608 /* Pods-FindWorker.debug.xcconfig */;
			buildSettings = {
				ASSETCATALOG_COMPILER_APPICON_NAME = AppIcon;
				CODE_SIGN_STYLE = Automatic;
				DEVELOPMENT_TEAM = 7MKY9HR94G;
				INFOPLIST_FILE = FindWorker/Info.plist;
				IPHONEOS_DEPLOYMENT_TARGET = 12.0;
				LD_RUNPATH_SEARCH_PATHS = (
					"$(inherited)",
					"@executable_path/Frameworks",
				);
				PRODUCT_BUNDLE_IDENTIFIER = Rakumo.FindWorker;
				PRODUCT_NAME = "$(TARGET_NAME)";
				SWIFT_VERSION = 5.0;
				TARGETED_DEVICE_FAMILY = 1;
			};
			name = Debug;
		};
		C52CE3E724EE1F1E00A3C7F9 /* Release */ = {
			isa = XCBuildConfiguration;
			baseConfigurationReference = FBD55000D5EBC55C209FB41E /* Pods-FindWorker.release.xcconfig */;
			buildSettings = {
				ASSETCATALOG_COMPILER_APPICON_NAME = AppIcon;
				CODE_SIGN_STYLE = Automatic;
				DEVELOPMENT_TEAM = 7MKY9HR94G;
				INFOPLIST_FILE = FindWorker/Info.plist;
				IPHONEOS_DEPLOYMENT_TARGET = 12.0;
				LD_RUNPATH_SEARCH_PATHS = (
					"$(inherited)",
					"@executable_path/Frameworks",
				);
				PRODUCT_BUNDLE_IDENTIFIER = Rakumo.FindWorker;
				PRODUCT_NAME = "$(TARGET_NAME)";
				SWIFT_VERSION = 5.0;
				TARGETED_DEVICE_FAMILY = 1;
			};
			name = Release;
		};
/* End XCBuildConfiguration section */

/* Begin XCConfigurationList section */
		C52CE3CC24EE1F1A00A3C7F9 /* Build configuration list for PBXProject "FindWorker" */ = {
			isa = XCConfigurationList;
			buildConfigurations = (
				C52CE3E324EE1F1E00A3C7F9 /* Debug */,
				C52CE3E424EE1F1E00A3C7F9 /* Release */,
			);
			defaultConfigurationIsVisible = 0;
			defaultConfigurationName = Release;
		};
		C52CE3E524EE1F1E00A3C7F9 /* Build configuration list for PBXNativeTarget "FindWorker" */ = {
			isa = XCConfigurationList;
			buildConfigurations = (
				C52CE3E624EE1F1E00A3C7F9 /* Debug */,
				C52CE3E724EE1F1E00A3C7F9 /* Release */,
			);
			defaultConfigurationIsVisible = 0;
			defaultConfigurationName = Release;
		};
/* End XCConfigurationList section */
	};
	rootObject = C52CE3C924EE1F1A00A3C7F9 /* Project object */;
}
